// !$*UTF8*$!
{
	archiveVersion = 1;
	classes = {
	};
	objectVersion = 56;
	objects = {

/* Begin PBXBuildFile section */
		3A47F43F2ADE6DA9000E3272 /* UserUseCase.swift in Sources */ = {isa = PBXBuildFile; fileRef = 3A47F43E2ADE6DA9000E3272 /* UserUseCase.swift */; };
		3A47F4412ADE6E3C000E3272 /* MusicUseCase.swift in Sources */ = {isa = PBXBuildFile; fileRef = 3A47F4402ADE6E3C000E3272 /* MusicUseCase.swift */; };
		3A47F4432ADE7077000E3272 /* MemberUseCase.swift in Sources */ = {isa = PBXBuildFile; fileRef = 3A47F4422ADE7077000E3272 /* MemberUseCase.swift */; };
		3A47F4452ADE71AA000E3272 /* PresetUseCase.swift in Sources */ = {isa = PBXBuildFile; fileRef = 3A47F4442ADE71AA000E3272 /* PresetUseCase.swift */; };
		3A47F4472ADE72C1000E3272 /* FormationUseCase.swift in Sources */ = {isa = PBXBuildFile; fileRef = 3A47F4462ADE72C1000E3272 /* FormationUseCase.swift */; };
		3A47F4492ADE7310000E3272 /* FormationTransitionUseCase.swift in Sources */ = {isa = PBXBuildFile; fileRef = 3A47F4482ADE7310000E3272 /* FormationTransitionUseCase.swift */; };
		3A47F44B2ADE7320000E3272 /* PerformanceUseCase.swift in Sources */ = {isa = PBXBuildFile; fileRef = 3A47F44A2ADE7320000E3272 /* PerformanceUseCase.swift */; };
		3A47F4552ADE7D73000E3272 /* UserRepository.swift in Sources */ = {isa = PBXBuildFile; fileRef = 3A47F4542ADE7D73000E3272 /* UserRepository.swift */; };
		3A47F4572ADE7DF1000E3272 /* MusicRepository.swift in Sources */ = {isa = PBXBuildFile; fileRef = 3A47F4562ADE7DF1000E3272 /* MusicRepository.swift */; };
		3A47F45B2ADE7E96000E3272 /* PresetRepository.swift in Sources */ = {isa = PBXBuildFile; fileRef = 3A47F45A2ADE7E96000E3272 /* PresetRepository.swift */; };
		3A47F45D2ADE7EF5000E3272 /* PerformanceRepository.swift in Sources */ = {isa = PBXBuildFile; fileRef = 3A47F45C2ADE7EF5000E3272 /* PerformanceRepository.swift */; };
		3A47F4602ADE80B0000E3272 /* DefaultUserUseCase.swift in Sources */ = {isa = PBXBuildFile; fileRef = 3A47F45F2ADE80B0000E3272 /* DefaultUserUseCase.swift */; };
		3A47F4662ADE8449000E3272 /* UserStore.swift in Sources */ = {isa = PBXBuildFile; fileRef = 3A47F4652ADE8449000E3272 /* UserStore.swift */; };
		3A47F4692ADE8657000E3272 /* DefaultUserStore.swift in Sources */ = {isa = PBXBuildFile; fileRef = 3A47F4682ADE8657000E3272 /* DefaultUserStore.swift */; };
		3A47F46B2ADE87BD000E3272 /* DefaultMusicUseCase.swift in Sources */ = {isa = PBXBuildFile; fileRef = 3A47F46A2ADE87BD000E3272 /* DefaultMusicUseCase.swift */; };
		3A47F46D2ADE8B34000E3272 /* DefaultMemberUseCase.swift in Sources */ = {isa = PBXBuildFile; fileRef = 3A47F46C2ADE8B34000E3272 /* DefaultMemberUseCase.swift */; };
		3A47F46F2ADE8C8F000E3272 /* DefaultPresetUseCase.swift in Sources */ = {isa = PBXBuildFile; fileRef = 3A47F46E2ADE8C8F000E3272 /* DefaultPresetUseCase.swift */; };
		3A47F4712ADE8CD8000E3272 /* DefaultFormationUseCase.swift in Sources */ = {isa = PBXBuildFile; fileRef = 3A47F4702ADE8CD8000E3272 /* DefaultFormationUseCase.swift */; };
		3A47F4732ADE8D67000E3272 /* DefaultFormationTransitionUseCase.swift in Sources */ = {isa = PBXBuildFile; fileRef = 3A47F4722ADE8D67000E3272 /* DefaultFormationTransitionUseCase.swift */; };
		3A47F4752ADE8E48000E3272 /* DefaultPerformanceUseCase.swift in Sources */ = {isa = PBXBuildFile; fileRef = 3A47F4742ADE8E48000E3272 /* DefaultPerformanceUseCase.swift */; };
		3A47F4782ADE9019000E3272 /* MockUserRepository.swift in Sources */ = {isa = PBXBuildFile; fileRef = 3A47F4772ADE9019000E3272 /* MockUserRepository.swift */; };
		3A47F47A2ADE9047000E3272 /* MockMusicRepository.swift in Sources */ = {isa = PBXBuildFile; fileRef = 3A47F4792ADE9047000E3272 /* MockMusicRepository.swift */; };
		3A47F47C2ADE916B000E3272 /* MockPresetRepository.swift in Sources */ = {isa = PBXBuildFile; fileRef = 3A47F47B2ADE916B000E3272 /* MockPresetRepository.swift */; };
		3A47F47E2ADE918F000E3272 /* MockPerformanceRepository.swift in Sources */ = {isa = PBXBuildFile; fileRef = 3A47F47D2ADE918F000E3272 /* MockPerformanceRepository.swift */; };
		3A47F4832ADE93A2000E3272 /* DescribableError.swift in Sources */ = {isa = PBXBuildFile; fileRef = 3A47F4822ADE93A2000E3272 /* DescribableError.swift */; };
		3A47F4872ADEA6A1000E3272 /* DefaultMusicUseCaseTests.swift in Sources */ = {isa = PBXBuildFile; fileRef = 3A47F4862ADEA6A1000E3272 /* DefaultMusicUseCaseTests.swift */; };
		3AE0CCC02ADD0CE1001FE371 /* QEDApp.swift in Sources */ = {isa = PBXBuildFile; fileRef = 3AE0CCBF2ADD0CE1001FE371 /* QEDApp.swift */; };
		3AE0CCC22ADD0CE1001FE371 /* ContentView.swift in Sources */ = {isa = PBXBuildFile; fileRef = 3AE0CCC12ADD0CE1001FE371 /* ContentView.swift */; };
		3AE0CCC42ADD0CE4001FE371 /* Assets.xcassets in Resources */ = {isa = PBXBuildFile; fileRef = 3AE0CCC32ADD0CE4001FE371 /* Assets.xcassets */; };
		3AE0CCC72ADD0CE4001FE371 /* Preview Assets.xcassets in Resources */ = {isa = PBXBuildFile; fileRef = 3AE0CCC62ADD0CE4001FE371 /* Preview Assets.xcassets */; };
		3AE0CCEC2ADD4BB0001FE371 /* User.swift in Sources */ = {isa = PBXBuildFile; fileRef = 3AE0CCEB2ADD4BB0001FE371 /* User.swift */; };
		3AE0CCEE2ADD4D0B001FE371 /* Music.swift in Sources */ = {isa = PBXBuildFile; fileRef = 3AE0CCED2ADD4D0B001FE371 /* Music.swift */; };
		3AE0CCF02ADD50FB001FE371 /* Member.swift in Sources */ = {isa = PBXBuildFile; fileRef = 3AE0CCEF2ADD50FB001FE371 /* Member.swift */; };
		3AE0CCF22ADD5500001FE371 /* Preset.swift in Sources */ = {isa = PBXBuildFile; fileRef = 3AE0CCF12ADD5500001FE371 /* Preset.swift */; };
		3AE0CCF42ADD59CB001FE371 /* Formation.swift in Sources */ = {isa = PBXBuildFile; fileRef = 3AE0CCF32ADD59CB001FE371 /* Formation.swift */; };
		3AE0CCF62ADD5A70001FE371 /* FormationTransition.swift in Sources */ = {isa = PBXBuildFile; fileRef = 3AE0CCF52ADD5A70001FE371 /* FormationTransition.swift */; };
		3AE0CCF82ADD6705001FE371 /* Performance.swift in Sources */ = {isa = PBXBuildFile; fileRef = 3AE0CCF72ADD6705001FE371 /* Performance.swift */; };
		3AE0CCFB2ADD696B001FE371 /* Playable.swift in Sources */ = {isa = PBXBuildFile; fileRef = 3AE0CCFA2ADD696B001FE371 /* Playable.swift */; };
		3AE0CCFF2ADD8B86001FE371 /* MinMax.swift in Sources */ = {isa = PBXBuildFile; fileRef = 3AE0CCFE2ADD8B86001FE371 /* MinMax.swift */; };
		3AE0CD012ADD8EFB001FE371 /* HexString.swift in Sources */ = {isa = PBXBuildFile; fileRef = 3AE0CD002ADD8EFB001FE371 /* HexString.swift */; };
		3AE0CD072ADD92C2001FE371 /* MinMaxTests.swift in Sources */ = {isa = PBXBuildFile; fileRef = 3AE0CD062ADD92C2001FE371 /* MinMaxTests.swift */; };
		3AE0CD092ADD9676001FE371 /* HexStringTests.swift in Sources */ = {isa = PBXBuildFile; fileRef = 3AE0CD082ADD9676001FE371 /* HexStringTests.swift */; };
		3AE0CD0D2ADD98EF001FE371 /* MemberConstants.swift in Sources */ = {isa = PBXBuildFile; fileRef = 3AE0CD0C2ADD98EF001FE371 /* MemberConstants.swift */; };
		512671732AE1267D00C839A9 /* Color+.swift in Sources */ = {isa = PBXBuildFile; fileRef = 512671722AE1267D00C839A9 /* Color+.swift */; };
		512A9B102AE18E4E004490FD /* Int+.swift in Sources */ = {isa = PBXBuildFile; fileRef = 512A9B0F2AE18E4E004490FD /* Int+.swift */; };
		5136BFBC2ADFCA4F00882B6B /* WatchingFormationView.swift in Sources */ = {isa = PBXBuildFile; fileRef = 5136BFBB2ADFCA4F00882B6B /* WatchingFormationView.swift */; };
/* End PBXBuildFile section */

/* Begin PBXContainerItemProxy section */
		3AE0CCCD2ADD0CE4001FE371 /* PBXContainerItemProxy */ = {
			isa = PBXContainerItemProxy;
			containerPortal = 3AE0CCB42ADD0CE1001FE371 /* Project object */;
			proxyType = 1;
			remoteGlobalIDString = 3AE0CCBB2ADD0CE1001FE371;
			remoteInfo = QED;
		};
		3AE0CCD72ADD0CE4001FE371 /* PBXContainerItemProxy */ = {
			isa = PBXContainerItemProxy;
			containerPortal = 3AE0CCB42ADD0CE1001FE371 /* Project object */;
			proxyType = 1;
			remoteGlobalIDString = 3AE0CCBB2ADD0CE1001FE371;
			remoteInfo = QED;
		};
/* End PBXContainerItemProxy section */

/* Begin PBXFileReference section */
		3A47F43B2ADE5AEC000E3272 /* QED.xctestplan */ = {isa = PBXFileReference; lastKnownFileType = text; path = QED.xctestplan; sourceTree = "<group>"; };
		3A47F43E2ADE6DA9000E3272 /* UserUseCase.swift */ = {isa = PBXFileReference; lastKnownFileType = sourcecode.swift; path = UserUseCase.swift; sourceTree = "<group>"; };
		3A47F4402ADE6E3C000E3272 /* MusicUseCase.swift */ = {isa = PBXFileReference; lastKnownFileType = sourcecode.swift; path = MusicUseCase.swift; sourceTree = "<group>"; };
		3A47F4422ADE7077000E3272 /* MemberUseCase.swift */ = {isa = PBXFileReference; lastKnownFileType = sourcecode.swift; path = MemberUseCase.swift; sourceTree = "<group>"; };
		3A47F4442ADE71AA000E3272 /* PresetUseCase.swift */ = {isa = PBXFileReference; lastKnownFileType = sourcecode.swift; path = PresetUseCase.swift; sourceTree = "<group>"; };
		3A47F4462ADE72C1000E3272 /* FormationUseCase.swift */ = {isa = PBXFileReference; lastKnownFileType = sourcecode.swift; path = FormationUseCase.swift; sourceTree = "<group>"; };
		3A47F4482ADE7310000E3272 /* FormationTransitionUseCase.swift */ = {isa = PBXFileReference; lastKnownFileType = sourcecode.swift; path = FormationTransitionUseCase.swift; sourceTree = "<group>"; };
		3A47F44A2ADE7320000E3272 /* PerformanceUseCase.swift */ = {isa = PBXFileReference; lastKnownFileType = sourcecode.swift; path = PerformanceUseCase.swift; sourceTree = "<group>"; };
		3A47F4542ADE7D73000E3272 /* UserRepository.swift */ = {isa = PBXFileReference; lastKnownFileType = sourcecode.swift; path = UserRepository.swift; sourceTree = "<group>"; };
		3A47F4562ADE7DF1000E3272 /* MusicRepository.swift */ = {isa = PBXFileReference; lastKnownFileType = sourcecode.swift; path = MusicRepository.swift; sourceTree = "<group>"; };
		3A47F45A2ADE7E96000E3272 /* PresetRepository.swift */ = {isa = PBXFileReference; lastKnownFileType = sourcecode.swift; path = PresetRepository.swift; sourceTree = "<group>"; };
		3A47F45C2ADE7EF5000E3272 /* PerformanceRepository.swift */ = {isa = PBXFileReference; lastKnownFileType = sourcecode.swift; path = PerformanceRepository.swift; sourceTree = "<group>"; };
		3A47F45F2ADE80B0000E3272 /* DefaultUserUseCase.swift */ = {isa = PBXFileReference; lastKnownFileType = sourcecode.swift; path = DefaultUserUseCase.swift; sourceTree = "<group>"; };
		3A47F4652ADE8449000E3272 /* UserStore.swift */ = {isa = PBXFileReference; lastKnownFileType = sourcecode.swift; path = UserStore.swift; sourceTree = "<group>"; };
		3A47F4682ADE8657000E3272 /* DefaultUserStore.swift */ = {isa = PBXFileReference; lastKnownFileType = sourcecode.swift; path = DefaultUserStore.swift; sourceTree = "<group>"; };
		3A47F46A2ADE87BD000E3272 /* DefaultMusicUseCase.swift */ = {isa = PBXFileReference; lastKnownFileType = sourcecode.swift; path = DefaultMusicUseCase.swift; sourceTree = "<group>"; };
		3A47F46C2ADE8B34000E3272 /* DefaultMemberUseCase.swift */ = {isa = PBXFileReference; lastKnownFileType = sourcecode.swift; path = DefaultMemberUseCase.swift; sourceTree = "<group>"; };
		3A47F46E2ADE8C8F000E3272 /* DefaultPresetUseCase.swift */ = {isa = PBXFileReference; lastKnownFileType = sourcecode.swift; path = DefaultPresetUseCase.swift; sourceTree = "<group>"; };
		3A47F4702ADE8CD8000E3272 /* DefaultFormationUseCase.swift */ = {isa = PBXFileReference; lastKnownFileType = sourcecode.swift; path = DefaultFormationUseCase.swift; sourceTree = "<group>"; };
		3A47F4722ADE8D67000E3272 /* DefaultFormationTransitionUseCase.swift */ = {isa = PBXFileReference; lastKnownFileType = sourcecode.swift; path = DefaultFormationTransitionUseCase.swift; sourceTree = "<group>"; };
		3A47F4742ADE8E48000E3272 /* DefaultPerformanceUseCase.swift */ = {isa = PBXFileReference; lastKnownFileType = sourcecode.swift; path = DefaultPerformanceUseCase.swift; sourceTree = "<group>"; };
		3A47F4772ADE9019000E3272 /* MockUserRepository.swift */ = {isa = PBXFileReference; lastKnownFileType = sourcecode.swift; path = MockUserRepository.swift; sourceTree = "<group>"; };
		3A47F4792ADE9047000E3272 /* MockMusicRepository.swift */ = {isa = PBXFileReference; lastKnownFileType = sourcecode.swift; path = MockMusicRepository.swift; sourceTree = "<group>"; };
		3A47F47B2ADE916B000E3272 /* MockPresetRepository.swift */ = {isa = PBXFileReference; lastKnownFileType = sourcecode.swift; path = MockPresetRepository.swift; sourceTree = "<group>"; };
		3A47F47D2ADE918F000E3272 /* MockPerformanceRepository.swift */ = {isa = PBXFileReference; lastKnownFileType = sourcecode.swift; path = MockPerformanceRepository.swift; sourceTree = "<group>"; };
		3A47F4822ADE93A2000E3272 /* DescribableError.swift */ = {isa = PBXFileReference; lastKnownFileType = sourcecode.swift; path = DescribableError.swift; sourceTree = "<group>"; };
		3A47F4862ADEA6A1000E3272 /* DefaultMusicUseCaseTests.swift */ = {isa = PBXFileReference; lastKnownFileType = sourcecode.swift; path = DefaultMusicUseCaseTests.swift; sourceTree = "<group>"; };
		3AE0CCBC2ADD0CE1001FE371 /* QED.app */ = {isa = PBXFileReference; explicitFileType = wrapper.application; includeInIndex = 0; path = QED.app; sourceTree = BUILT_PRODUCTS_DIR; };
		3AE0CCBF2ADD0CE1001FE371 /* QEDApp.swift */ = {isa = PBXFileReference; lastKnownFileType = sourcecode.swift; path = QEDApp.swift; sourceTree = "<group>"; };
		3AE0CCC12ADD0CE1001FE371 /* ContentView.swift */ = {isa = PBXFileReference; lastKnownFileType = sourcecode.swift; path = ContentView.swift; sourceTree = "<group>"; };
		3AE0CCC32ADD0CE4001FE371 /* Assets.xcassets */ = {isa = PBXFileReference; lastKnownFileType = folder.assetcatalog; path = Assets.xcassets; sourceTree = "<group>"; };
		3AE0CCC62ADD0CE4001FE371 /* Preview Assets.xcassets */ = {isa = PBXFileReference; lastKnownFileType = folder.assetcatalog; path = "Preview Assets.xcassets"; sourceTree = "<group>"; };
		3AE0CCCC2ADD0CE4001FE371 /* QEDTests.xctest */ = {isa = PBXFileReference; explicitFileType = wrapper.cfbundle; includeInIndex = 0; path = QEDTests.xctest; sourceTree = BUILT_PRODUCTS_DIR; };
		3AE0CCD62ADD0CE4001FE371 /* QEDUITests.xctest */ = {isa = PBXFileReference; explicitFileType = wrapper.cfbundle; includeInIndex = 0; path = QEDUITests.xctest; sourceTree = BUILT_PRODUCTS_DIR; };
		3AE0CCEB2ADD4BB0001FE371 /* User.swift */ = {isa = PBXFileReference; lastKnownFileType = sourcecode.swift; path = User.swift; sourceTree = "<group>"; };
		3AE0CCED2ADD4D0B001FE371 /* Music.swift */ = {isa = PBXFileReference; lastKnownFileType = sourcecode.swift; path = Music.swift; sourceTree = "<group>"; };
		3AE0CCEF2ADD50FB001FE371 /* Member.swift */ = {isa = PBXFileReference; lastKnownFileType = sourcecode.swift; path = Member.swift; sourceTree = "<group>"; };
		3AE0CCF12ADD5500001FE371 /* Preset.swift */ = {isa = PBXFileReference; lastKnownFileType = sourcecode.swift; path = Preset.swift; sourceTree = "<group>"; };
		3AE0CCF32ADD59CB001FE371 /* Formation.swift */ = {isa = PBXFileReference; lastKnownFileType = sourcecode.swift; path = Formation.swift; sourceTree = "<group>"; };
		3AE0CCF52ADD5A70001FE371 /* FormationTransition.swift */ = {isa = PBXFileReference; lastKnownFileType = sourcecode.swift; path = FormationTransition.swift; sourceTree = "<group>"; };
		3AE0CCF72ADD6705001FE371 /* Performance.swift */ = {isa = PBXFileReference; lastKnownFileType = sourcecode.swift; path = Performance.swift; sourceTree = "<group>"; };
		3AE0CCFA2ADD696B001FE371 /* Playable.swift */ = {isa = PBXFileReference; lastKnownFileType = sourcecode.swift; path = Playable.swift; sourceTree = "<group>"; };
		3AE0CCFE2ADD8B86001FE371 /* MinMax.swift */ = {isa = PBXFileReference; lastKnownFileType = sourcecode.swift; path = MinMax.swift; sourceTree = "<group>"; };
		3AE0CD002ADD8EFB001FE371 /* HexString.swift */ = {isa = PBXFileReference; lastKnownFileType = sourcecode.swift; path = HexString.swift; sourceTree = "<group>"; };
		3AE0CD062ADD92C2001FE371 /* MinMaxTests.swift */ = {isa = PBXFileReference; lastKnownFileType = sourcecode.swift; path = MinMaxTests.swift; sourceTree = "<group>"; };
		3AE0CD082ADD9676001FE371 /* HexStringTests.swift */ = {isa = PBXFileReference; lastKnownFileType = sourcecode.swift; path = HexStringTests.swift; sourceTree = "<group>"; };
		3AE0CD0C2ADD98EF001FE371 /* MemberConstants.swift */ = {isa = PBXFileReference; lastKnownFileType = sourcecode.swift; path = MemberConstants.swift; sourceTree = "<group>"; };
		512671722AE1267D00C839A9 /* Color+.swift */ = {isa = PBXFileReference; lastKnownFileType = sourcecode.swift; path = "Color+.swift"; sourceTree = "<group>"; };
		512A9B0F2AE18E4E004490FD /* Int+.swift */ = {isa = PBXFileReference; lastKnownFileType = sourcecode.swift; path = "Int+.swift"; sourceTree = "<group>"; };
		5136BFBB2ADFCA4F00882B6B /* WatchingFormationView.swift */ = {isa = PBXFileReference; lastKnownFileType = sourcecode.swift; path = WatchingFormationView.swift; sourceTree = "<group>"; };
/* End PBXFileReference section */

/* Begin PBXFrameworksBuildPhase section */
		3AE0CCB92ADD0CE1001FE371 /* Frameworks */ = {
			isa = PBXFrameworksBuildPhase;
			buildActionMask = 2147483647;
			files = (
			);
			runOnlyForDeploymentPostprocessing = 0;
		};
		3AE0CCC92ADD0CE4001FE371 /* Frameworks */ = {
			isa = PBXFrameworksBuildPhase;
			buildActionMask = 2147483647;
			files = (
			);
			runOnlyForDeploymentPostprocessing = 0;
		};
		3AE0CCD32ADD0CE4001FE371 /* Frameworks */ = {
			isa = PBXFrameworksBuildPhase;
			buildActionMask = 2147483647;
			files = (
			);
			runOnlyForDeploymentPostprocessing = 0;
		};
/* End PBXFrameworksBuildPhase section */

/* Begin PBXGroup section */
		3A47F43C2ADE5F7B000E3272 /* Shared */ = {
			isa = PBXGroup;
			children = (
				3AE0CD022ADD9293001FE371 /* Utilities */,
			);
			path = Shared;
			sourceTree = "<group>";
		};
		3A47F43D2ADE6D18000E3272 /* UseCases */ = {
			isa = PBXGroup;
			children = (
				3A47F45E2ADE80A7000E3272 /* Default */,
				3A47F43E2ADE6DA9000E3272 /* UserUseCase.swift */,
				3A47F4402ADE6E3C000E3272 /* MusicUseCase.swift */,
				3A47F4422ADE7077000E3272 /* MemberUseCase.swift */,
				3A47F4442ADE71AA000E3272 /* PresetUseCase.swift */,
				3A47F4462ADE72C1000E3272 /* FormationUseCase.swift */,
				3A47F4482ADE7310000E3272 /* FormationTransitionUseCase.swift */,
				3A47F44A2ADE7320000E3272 /* PerformanceUseCase.swift */,
			);
			path = UseCases;
			sourceTree = "<group>";
		};
		3A47F4532ADE7D5E000E3272 /* Repositories */ = {
			isa = PBXGroup;
			children = (
				3A47F4542ADE7D73000E3272 /* UserRepository.swift */,
				3A47F4562ADE7DF1000E3272 /* MusicRepository.swift */,
				3A47F45A2ADE7E96000E3272 /* PresetRepository.swift */,
				3A47F45C2ADE7EF5000E3272 /* PerformanceRepository.swift */,
			);
			path = Repositories;
			sourceTree = "<group>";
		};
		3A47F45E2ADE80A7000E3272 /* Default */ = {
			isa = PBXGroup;
			children = (
				3A47F45F2ADE80B0000E3272 /* DefaultUserUseCase.swift */,
				3A47F46A2ADE87BD000E3272 /* DefaultMusicUseCase.swift */,
				3A47F46C2ADE8B34000E3272 /* DefaultMemberUseCase.swift */,
				3A47F46E2ADE8C8F000E3272 /* DefaultPresetUseCase.swift */,
				3A47F4702ADE8CD8000E3272 /* DefaultFormationUseCase.swift */,
				3A47F4722ADE8D67000E3272 /* DefaultFormationTransitionUseCase.swift */,
				3A47F4742ADE8E48000E3272 /* DefaultPerformanceUseCase.swift */,
			);
			path = Default;
			sourceTree = "<group>";
		};
		3A47F4642ADE8441000E3272 /* Stores */ = {
			isa = PBXGroup;
			children = (
				3A47F4672ADE864F000E3272 /* Default */,
				3A47F4652ADE8449000E3272 /* UserStore.swift */,
			);
			path = Stores;
			sourceTree = "<group>";
		};
		3A47F4672ADE864F000E3272 /* Default */ = {
			isa = PBXGroup;
			children = (
				3A47F4682ADE8657000E3272 /* DefaultUserStore.swift */,
			);
			path = Default;
			sourceTree = "<group>";
		};
		3A47F4762ADE900F000E3272 /* Mock */ = {
			isa = PBXGroup;
			children = (
				3A47F4772ADE9019000E3272 /* MockUserRepository.swift */,
				3A47F4792ADE9047000E3272 /* MockMusicRepository.swift */,
				3A47F47B2ADE916B000E3272 /* MockPresetRepository.swift */,
				3A47F47D2ADE918F000E3272 /* MockPerformanceRepository.swift */,
			);
			path = Mock;
			sourceTree = "<group>";
		};
		3A47F47F2ADE935A000E3272 /* Data */ = {
			isa = PBXGroup;
			children = (
				3A47F4802ADE9364000E3272 /* Repositories */,
			);
			path = Data;
			sourceTree = "<group>";
		};
		3A47F4802ADE9364000E3272 /* Repositories */ = {
			isa = PBXGroup;
			children = (
				3A47F4762ADE900F000E3272 /* Mock */,
			);
			path = Repositories;
			sourceTree = "<group>";
		};
		3A47F4812ADE937F000E3272 /* Errors */ = {
			isa = PBXGroup;
			children = (
				3A47F4822ADE93A2000E3272 /* DescribableError.swift */,
			);
			path = Errors;
			sourceTree = "<group>";
		};
		3A47F4842ADEA67E000E3272 /* Domain */ = {
			isa = PBXGroup;
			children = (
				3A47F4852ADEA683000E3272 /* UseCases */,
			);
			path = Domain;
			sourceTree = "<group>";
		};
		3A47F4852ADEA683000E3272 /* UseCases */ = {
			isa = PBXGroup;
			children = (
				3A47F4862ADEA6A1000E3272 /* DefaultMusicUseCaseTests.swift */,
			);
			path = UseCases;
			sourceTree = "<group>";
		};
		3AE0CCB32ADD0CE1001FE371 = {
			isa = PBXGroup;
			children = (
				3A47F43B2ADE5AEC000E3272 /* QED.xctestplan */,
				3AE0CCBE2ADD0CE1001FE371 /* QED */,
				3AE0CCCF2ADD0CE4001FE371 /* QEDTests */,
				3AE0CCBD2ADD0CE1001FE371 /* Products */,
			);
			sourceTree = "<group>";
		};
		3AE0CCBD2ADD0CE1001FE371 /* Products */ = {
			isa = PBXGroup;
			children = (
				3AE0CCBC2ADD0CE1001FE371 /* QED.app */,
				3AE0CCCC2ADD0CE4001FE371 /* QEDTests.xctest */,
				3AE0CCD62ADD0CE4001FE371 /* QEDUITests.xctest */,
			);
			name = Products;
			sourceTree = "<group>";
		};
		3AE0CCBE2ADD0CE1001FE371 /* QED */ = {
			isa = PBXGroup;
			children = (
				5136BFB92ADFCA1400882B6B /* Presentation */,
				3AE0CCE92ADD4B90001FE371 /* Domain */,
				3A47F47F2ADE935A000E3272 /* Data */,
				3AE0CD0A2ADD9889001FE371 /* Shared */,
				3AE0CCBF2ADD0CE1001FE371 /* QEDApp.swift */,
				3AE0CCC12ADD0CE1001FE371 /* ContentView.swift */,
				3AE0CCC32ADD0CE4001FE371 /* Assets.xcassets */,
				3AE0CCC52ADD0CE4001FE371 /* Preview Content */,
			);
			path = QED;
			sourceTree = "<group>";
		};
		3AE0CCC52ADD0CE4001FE371 /* Preview Content */ = {
			isa = PBXGroup;
			children = (
				3AE0CCC62ADD0CE4001FE371 /* Preview Assets.xcassets */,
			);
			path = "Preview Content";
			sourceTree = "<group>";
		};
		3AE0CCCF2ADD0CE4001FE371 /* QEDTests */ = {
			isa = PBXGroup;
			children = (
				3A47F4842ADEA67E000E3272 /* Domain */,
				3A47F43C2ADE5F7B000E3272 /* Shared */,
			);
			path = QEDTests;
			sourceTree = "<group>";
		};
		3AE0CCE92ADD4B90001FE371 /* Domain */ = {
			isa = PBXGroup;
			children = (
				512671712AE1266700C839A9 /* Extension */,
				3AE0CCEA2ADD4B96001FE371 /* Entities */,
				3A47F43D2ADE6D18000E3272 /* UseCases */,
				3A47F4532ADE7D5E000E3272 /* Repositories */,
				3A47F4642ADE8441000E3272 /* Stores */,
			);
			path = Domain;
			sourceTree = "<group>";
		};
		3AE0CCEA2ADD4B96001FE371 /* Entities */ = {
			isa = PBXGroup;
			children = (
				3AE0CCF92ADD694A001FE371 /* Interfaces */,
				3AE0CCEB2ADD4BB0001FE371 /* User.swift */,
				3AE0CCED2ADD4D0B001FE371 /* Music.swift */,
				3AE0CCEF2ADD50FB001FE371 /* Member.swift */,
				3AE0CCF12ADD5500001FE371 /* Preset.swift */,
				3AE0CCF32ADD59CB001FE371 /* Formation.swift */,
				3AE0CCF52ADD5A70001FE371 /* FormationTransition.swift */,
				3AE0CCF72ADD6705001FE371 /* Performance.swift */,
			);
			path = Entities;
			sourceTree = "<group>";
		};
		3AE0CCF92ADD694A001FE371 /* Interfaces */ = {
			isa = PBXGroup;
			children = (
				3AE0CCFA2ADD696B001FE371 /* Playable.swift */,
			);
			path = Interfaces;
			sourceTree = "<group>";
		};
		3AE0CCFC2ADD8B5B001FE371 /* Utilities */ = {
			isa = PBXGroup;
			children = (
				3AE0CCFD2ADD8B6D001FE371 /* PropertyWrappers */,
				3A47F4812ADE937F000E3272 /* Errors */,
			);
			path = Utilities;
			sourceTree = "<group>";
		};
		3AE0CCFD2ADD8B6D001FE371 /* PropertyWrappers */ = {
			isa = PBXGroup;
			children = (
				3AE0CCFE2ADD8B86001FE371 /* MinMax.swift */,
				3AE0CD002ADD8EFB001FE371 /* HexString.swift */,
			);
			path = PropertyWrappers;
			sourceTree = "<group>";
		};
		3AE0CD022ADD9293001FE371 /* Utilities */ = {
			isa = PBXGroup;
			children = (
				3AE0CD032ADD92A6001FE371 /* PropertyWrappers */,
			);
			path = Utilities;
			sourceTree = "<group>";
		};
		3AE0CD032ADD92A6001FE371 /* PropertyWrappers */ = {
			isa = PBXGroup;
			children = (
				3AE0CD062ADD92C2001FE371 /* MinMaxTests.swift */,
				3AE0CD082ADD9676001FE371 /* HexStringTests.swift */,
			);
			path = PropertyWrappers;
			sourceTree = "<group>";
		};
		3AE0CD0A2ADD9889001FE371 /* Shared */ = {
			isa = PBXGroup;
			children = (
				3AE0CD0B2ADD98A5001FE371 /* Static */,
				3AE0CCFC2ADD8B5B001FE371 /* Utilities */,
			);
			path = Shared;
			sourceTree = "<group>";
		};
		3AE0CD0B2ADD98A5001FE371 /* Static */ = {
			isa = PBXGroup;
			children = (
				3AE0CD0C2ADD98EF001FE371 /* MemberConstants.swift */,
			);
			path = Static;
			sourceTree = "<group>";
		};
		512671712AE1266700C839A9 /* Extension */ = {
			isa = PBXGroup;
			children = (
				512671722AE1267D00C839A9 /* Color+.swift */,
				512A9B0F2AE18E4E004490FD /* Int+.swift */,
			);
			path = Extension;
			sourceTree = "<group>";
		};
		5136BFB92ADFCA1400882B6B /* Presentation */ = {
			isa = PBXGroup;
			children = (
				5136BFBA2ADFCA2A00882B6B /* WatchingFormation */,
			);
			path = Presentation;
			sourceTree = "<group>";
		};
		5136BFBA2ADFCA2A00882B6B /* WatchingFormation */ = {
			isa = PBXGroup;
			children = (
				51E3E01B2AE04E6F00E97019 /* View */,
			);
			path = WatchingFormation;
			sourceTree = "<group>";
		};
		51E3E01B2AE04E6F00E97019 /* View */ = {
			isa = PBXGroup;
			children = (
				5136BFBB2ADFCA4F00882B6B /* WatchingFormationView.swift */,
			);
			path = View;
			sourceTree = "<group>";
		};
/* End PBXGroup section */

/* Begin PBXNativeTarget section */
		3AE0CCBB2ADD0CE1001FE371 /* QED */ = {
			isa = PBXNativeTarget;
			buildConfigurationList = 3AE0CCE02ADD0CE4001FE371 /* Build configuration list for PBXNativeTarget "QED" */;
			buildPhases = (
				3AE0CCB82ADD0CE1001FE371 /* Sources */,
				3AE0CCB92ADD0CE1001FE371 /* Frameworks */,
				3AE0CCBA2ADD0CE1001FE371 /* Resources */,
				3A4F0B232ADDA0E100C0CD8B /* ShellScript */,
			);
			buildRules = (
			);
			dependencies = (
			);
			name = QED;
			productName = QED;
			productReference = 3AE0CCBC2ADD0CE1001FE371 /* QED.app */;
			productType = "com.apple.product-type.application";
		};
		3AE0CCCB2ADD0CE4001FE371 /* QEDTests */ = {
			isa = PBXNativeTarget;
			buildConfigurationList = 3AE0CCE32ADD0CE4001FE371 /* Build configuration list for PBXNativeTarget "QEDTests" */;
			buildPhases = (
				3AE0CCC82ADD0CE4001FE371 /* Sources */,
				3AE0CCC92ADD0CE4001FE371 /* Frameworks */,
				3AE0CCCA2ADD0CE4001FE371 /* Resources */,
			);
			buildRules = (
			);
			dependencies = (
				3AE0CCCE2ADD0CE4001FE371 /* PBXTargetDependency */,
			);
			name = QEDTests;
			productName = QEDTests;
			productReference = 3AE0CCCC2ADD0CE4001FE371 /* QEDTests.xctest */;
			productType = "com.apple.product-type.bundle.unit-test";
		};
		3AE0CCD52ADD0CE4001FE371 /* QEDUITests */ = {
			isa = PBXNativeTarget;
			buildConfigurationList = 3AE0CCE62ADD0CE4001FE371 /* Build configuration list for PBXNativeTarget "QEDUITests" */;
			buildPhases = (
				3AE0CCD22ADD0CE4001FE371 /* Sources */,
				3AE0CCD32ADD0CE4001FE371 /* Frameworks */,
				3AE0CCD42ADD0CE4001FE371 /* Resources */,
			);
			buildRules = (
			);
			dependencies = (
				3AE0CCD82ADD0CE4001FE371 /* PBXTargetDependency */,
			);
			name = QEDUITests;
			productName = QEDUITests;
			productReference = 3AE0CCD62ADD0CE4001FE371 /* QEDUITests.xctest */;
			productType = "com.apple.product-type.bundle.ui-testing";
		};
/* End PBXNativeTarget section */

/* Begin PBXProject section */
		3AE0CCB42ADD0CE1001FE371 /* Project object */ = {
			isa = PBXProject;
			attributes = {
				BuildIndependentTargetsInParallel = 1;
				LastSwiftUpdateCheck = 1430;
				LastUpgradeCheck = 1430;
				TargetAttributes = {
					3AE0CCBB2ADD0CE1001FE371 = {
						CreatedOnToolsVersion = 14.3;
					};
					3AE0CCCB2ADD0CE4001FE371 = {
						CreatedOnToolsVersion = 14.3;
						TestTargetID = 3AE0CCBB2ADD0CE1001FE371;
					};
					3AE0CCD52ADD0CE4001FE371 = {
						CreatedOnToolsVersion = 14.3;
						TestTargetID = 3AE0CCBB2ADD0CE1001FE371;
					};
				};
			};
			buildConfigurationList = 3AE0CCB72ADD0CE1001FE371 /* Build configuration list for PBXProject "QED" */;
			compatibilityVersion = "Xcode 14.0";
			developmentRegion = en;
			hasScannedForEncodings = 0;
			knownRegions = (
				en,
				Base,
			);
			mainGroup = 3AE0CCB32ADD0CE1001FE371;
			productRefGroup = 3AE0CCBD2ADD0CE1001FE371 /* Products */;
			projectDirPath = "";
			projectRoot = "";
			targets = (
				3AE0CCBB2ADD0CE1001FE371 /* QED */,
				3AE0CCCB2ADD0CE4001FE371 /* QEDTests */,
				3AE0CCD52ADD0CE4001FE371 /* QEDUITests */,
			);
		};
/* End PBXProject section */

/* Begin PBXResourcesBuildPhase section */
		3AE0CCBA2ADD0CE1001FE371 /* Resources */ = {
			isa = PBXResourcesBuildPhase;
			buildActionMask = 2147483647;
			files = (
				3AE0CCC72ADD0CE4001FE371 /* Preview Assets.xcassets in Resources */,
				3AE0CCC42ADD0CE4001FE371 /* Assets.xcassets in Resources */,
			);
			runOnlyForDeploymentPostprocessing = 0;
		};
		3AE0CCCA2ADD0CE4001FE371 /* Resources */ = {
			isa = PBXResourcesBuildPhase;
			buildActionMask = 2147483647;
			files = (
			);
			runOnlyForDeploymentPostprocessing = 0;
		};
		3AE0CCD42ADD0CE4001FE371 /* Resources */ = {
			isa = PBXResourcesBuildPhase;
			buildActionMask = 2147483647;
			files = (
			);
			runOnlyForDeploymentPostprocessing = 0;
		};
/* End PBXResourcesBuildPhase section */

/* Begin PBXShellScriptBuildPhase section */
		3A4F0B232ADDA0E100C0CD8B /* ShellScript */ = {
			isa = PBXShellScriptBuildPhase;
			alwaysOutOfDate = 1;
			buildActionMask = 2147483647;
			files = (
			);
			inputFileListPaths = (
			);
			inputPaths = (
			);
			outputFileListPaths = (
			);
			outputPaths = (
			);
			runOnlyForDeploymentPostprocessing = 0;
			shellPath = /bin/sh;
			shellScript = "if test -d \"/opt/homebrew/bin/\"; then\n  PATH=\"/opt/homebrew/bin/:${PATH}\"\nfi\n\nexport PATH\n\nif which swiftlint >/dev/null; then\n  swiftlint --fix\n  swiftlint\nelse\n  echo \"warning: SwiftLint not installed, download from https://github.com/realm/SwiftLint\"\nfi\n";
		};
/* End PBXShellScriptBuildPhase section */

/* Begin PBXSourcesBuildPhase section */
		3AE0CCB82ADD0CE1001FE371 /* Sources */ = {
			isa = PBXSourcesBuildPhase;
			buildActionMask = 2147483647;
			files = (
				3A47F4692ADE8657000E3272 /* DefaultUserStore.swift in Sources */,
				512671732AE1267D00C839A9 /* Color+.swift in Sources */,
				3AE0CCC22ADD0CE1001FE371 /* ContentView.swift in Sources */,
				3A47F47C2ADE916B000E3272 /* MockPresetRepository.swift in Sources */,
				3A47F46F2ADE8C8F000E3272 /* DefaultPresetUseCase.swift in Sources */,
				3AE0CCFF2ADD8B86001FE371 /* MinMax.swift in Sources */,
				3AE0CCF02ADD50FB001FE371 /* Member.swift in Sources */,
				3AE0CD0D2ADD98EF001FE371 /* MemberConstants.swift in Sources */,
				3A47F4832ADE93A2000E3272 /* DescribableError.swift in Sources */,
				3AE0CCC02ADD0CE1001FE371 /* QEDApp.swift in Sources */,
				5136BFBC2ADFCA4F00882B6B /* WatchingFormationView.swift in Sources */,
				3AE0CCF42ADD59CB001FE371 /* Formation.swift in Sources */,
				3AE0CCEE2ADD4D0B001FE371 /* Music.swift in Sources */,
				3A47F4472ADE72C1000E3272 /* FormationUseCase.swift in Sources */,
				3A47F4732ADE8D67000E3272 /* DefaultFormationTransitionUseCase.swift in Sources */,
				3A47F4492ADE7310000E3272 /* FormationTransitionUseCase.swift in Sources */,
				3AE0CD012ADD8EFB001FE371 /* HexString.swift in Sources */,
				3A47F4412ADE6E3C000E3272 /* MusicUseCase.swift in Sources */,
				3A47F4602ADE80B0000E3272 /* DefaultUserUseCase.swift in Sources */,
				3A47F4662ADE8449000E3272 /* UserStore.swift in Sources */,
				3A47F4572ADE7DF1000E3272 /* MusicRepository.swift in Sources */,
				3A47F4712ADE8CD8000E3272 /* DefaultFormationUseCase.swift in Sources */,
				3A47F46D2ADE8B34000E3272 /* DefaultMemberUseCase.swift in Sources */,
				3A47F46B2ADE87BD000E3272 /* DefaultMusicUseCase.swift in Sources */,
				3A47F4782ADE9019000E3272 /* MockUserRepository.swift in Sources */,
				3A47F43F2ADE6DA9000E3272 /* UserUseCase.swift in Sources */,
				3AE0CCF22ADD5500001FE371 /* Preset.swift in Sources */,
				3AE0CCF82ADD6705001FE371 /* Performance.swift in Sources */,
				3A47F44B2ADE7320000E3272 /* PerformanceUseCase.swift in Sources */,
				3A47F4452ADE71AA000E3272 /* PresetUseCase.swift in Sources */,
				3A47F4752ADE8E48000E3272 /* DefaultPerformanceUseCase.swift in Sources */,
				3AE0CCFB2ADD696B001FE371 /* Playable.swift in Sources */,
				3A47F47E2ADE918F000E3272 /* MockPerformanceRepository.swift in Sources */,
				3A47F45D2ADE7EF5000E3272 /* PerformanceRepository.swift in Sources */,
				3A47F4552ADE7D73000E3272 /* UserRepository.swift in Sources */,
				3A47F45B2ADE7E96000E3272 /* PresetRepository.swift in Sources */,
				512A9B102AE18E4E004490FD /* Int+.swift in Sources */,
				3AE0CCF62ADD5A70001FE371 /* FormationTransition.swift in Sources */,
				3A47F47A2ADE9047000E3272 /* MockMusicRepository.swift in Sources */,
				3AE0CCEC2ADD4BB0001FE371 /* User.swift in Sources */,
				3A47F4432ADE7077000E3272 /* MemberUseCase.swift in Sources */,
			);
			runOnlyForDeploymentPostprocessing = 0;
		};
		3AE0CCC82ADD0CE4001FE371 /* Sources */ = {
			isa = PBXSourcesBuildPhase;
			buildActionMask = 2147483647;
			files = (
				3A47F4872ADEA6A1000E3272 /* DefaultMusicUseCaseTests.swift in Sources */,
				3AE0CD072ADD92C2001FE371 /* MinMaxTests.swift in Sources */,
				3AE0CD092ADD9676001FE371 /* HexStringTests.swift in Sources */,
			);
			runOnlyForDeploymentPostprocessing = 0;
		};
		3AE0CCD22ADD0CE4001FE371 /* Sources */ = {
			isa = PBXSourcesBuildPhase;
			buildActionMask = 2147483647;
			files = (
			);
			runOnlyForDeploymentPostprocessing = 0;
		};
/* End PBXSourcesBuildPhase section */

/* Begin PBXTargetDependency section */
		3AE0CCCE2ADD0CE4001FE371 /* PBXTargetDependency */ = {
			isa = PBXTargetDependency;
			target = 3AE0CCBB2ADD0CE1001FE371 /* QED */;
			targetProxy = 3AE0CCCD2ADD0CE4001FE371 /* PBXContainerItemProxy */;
		};
		3AE0CCD82ADD0CE4001FE371 /* PBXTargetDependency */ = {
			isa = PBXTargetDependency;
			target = 3AE0CCBB2ADD0CE1001FE371 /* QED */;
			targetProxy = 3AE0CCD72ADD0CE4001FE371 /* PBXContainerItemProxy */;
		};
/* End PBXTargetDependency section */

/* Begin XCBuildConfiguration section */
		3AE0CCDE2ADD0CE4001FE371 /* Debug */ = {
			isa = XCBuildConfiguration;
			buildSettings = {
				ALWAYS_SEARCH_USER_PATHS = NO;
				CLANG_ANALYZER_NONNULL = YES;
				CLANG_ANALYZER_NUMBER_OBJECT_CONVERSION = YES_AGGRESSIVE;
				CLANG_CXX_LANGUAGE_STANDARD = "gnu++20";
				CLANG_ENABLE_MODULES = YES;
				CLANG_ENABLE_OBJC_ARC = YES;
				CLANG_ENABLE_OBJC_WEAK = YES;
				CLANG_WARN_BLOCK_CAPTURE_AUTORELEASING = YES;
				CLANG_WARN_BOOL_CONVERSION = YES;
				CLANG_WARN_COMMA = YES;
				CLANG_WARN_CONSTANT_CONVERSION = YES;
				CLANG_WARN_DEPRECATED_OBJC_IMPLEMENTATIONS = YES;
				CLANG_WARN_DIRECT_OBJC_ISA_USAGE = YES_ERROR;
				CLANG_WARN_DOCUMENTATION_COMMENTS = YES;
				CLANG_WARN_EMPTY_BODY = YES;
				CLANG_WARN_ENUM_CONVERSION = YES;
				CLANG_WARN_INFINITE_RECURSION = YES;
				CLANG_WARN_INT_CONVERSION = YES;
				CLANG_WARN_NON_LITERAL_NULL_CONVERSION = YES;
				CLANG_WARN_OBJC_IMPLICIT_RETAIN_SELF = YES;
				CLANG_WARN_OBJC_LITERAL_CONVERSION = YES;
				CLANG_WARN_OBJC_ROOT_CLASS = YES_ERROR;
				CLANG_WARN_QUOTED_INCLUDE_IN_FRAMEWORK_HEADER = YES;
				CLANG_WARN_RANGE_LOOP_ANALYSIS = YES;
				CLANG_WARN_STRICT_PROTOTYPES = YES;
				CLANG_WARN_SUSPICIOUS_MOVE = YES;
				CLANG_WARN_UNGUARDED_AVAILABILITY = YES_AGGRESSIVE;
				CLANG_WARN_UNREACHABLE_CODE = YES;
				CLANG_WARN__DUPLICATE_METHOD_MATCH = YES;
				COPY_PHASE_STRIP = NO;
				DEBUG_INFORMATION_FORMAT = dwarf;
				ENABLE_STRICT_OBJC_MSGSEND = YES;
				ENABLE_TESTABILITY = YES;
				GCC_C_LANGUAGE_STANDARD = gnu11;
				GCC_DYNAMIC_NO_PIC = NO;
				GCC_NO_COMMON_BLOCKS = YES;
				GCC_OPTIMIZATION_LEVEL = 0;
				GCC_PREPROCESSOR_DEFINITIONS = (
					"DEBUG=1",
					"$(inherited)",
				);
				GCC_WARN_64_TO_32_BIT_CONVERSION = YES;
				GCC_WARN_ABOUT_RETURN_TYPE = YES_ERROR;
				GCC_WARN_UNDECLARED_SELECTOR = YES;
				GCC_WARN_UNINITIALIZED_AUTOS = YES_AGGRESSIVE;
				GCC_WARN_UNUSED_FUNCTION = YES;
				GCC_WARN_UNUSED_VARIABLE = YES;
				IPHONEOS_DEPLOYMENT_TARGET = 16.4;
				MTL_ENABLE_DEBUG_INFO = INCLUDE_SOURCE;
				MTL_FAST_MATH = YES;
				ONLY_ACTIVE_ARCH = YES;
				SDKROOT = iphoneos;
				SWIFT_ACTIVE_COMPILATION_CONDITIONS = DEBUG;
				SWIFT_OPTIMIZATION_LEVEL = "-Onone";
			};
			name = Debug;
		};
		3AE0CCDF2ADD0CE4001FE371 /* Release */ = {
			isa = XCBuildConfiguration;
			buildSettings = {
				ALWAYS_SEARCH_USER_PATHS = NO;
				CLANG_ANALYZER_NONNULL = YES;
				CLANG_ANALYZER_NUMBER_OBJECT_CONVERSION = YES_AGGRESSIVE;
				CLANG_CXX_LANGUAGE_STANDARD = "gnu++20";
				CLANG_ENABLE_MODULES = YES;
				CLANG_ENABLE_OBJC_ARC = YES;
				CLANG_ENABLE_OBJC_WEAK = YES;
				CLANG_WARN_BLOCK_CAPTURE_AUTORELEASING = YES;
				CLANG_WARN_BOOL_CONVERSION = YES;
				CLANG_WARN_COMMA = YES;
				CLANG_WARN_CONSTANT_CONVERSION = YES;
				CLANG_WARN_DEPRECATED_OBJC_IMPLEMENTATIONS = YES;
				CLANG_WARN_DIRECT_OBJC_ISA_USAGE = YES_ERROR;
				CLANG_WARN_DOCUMENTATION_COMMENTS = YES;
				CLANG_WARN_EMPTY_BODY = YES;
				CLANG_WARN_ENUM_CONVERSION = YES;
				CLANG_WARN_INFINITE_RECURSION = YES;
				CLANG_WARN_INT_CONVERSION = YES;
				CLANG_WARN_NON_LITERAL_NULL_CONVERSION = YES;
				CLANG_WARN_OBJC_IMPLICIT_RETAIN_SELF = YES;
				CLANG_WARN_OBJC_LITERAL_CONVERSION = YES;
				CLANG_WARN_OBJC_ROOT_CLASS = YES_ERROR;
				CLANG_WARN_QUOTED_INCLUDE_IN_FRAMEWORK_HEADER = YES;
				CLANG_WARN_RANGE_LOOP_ANALYSIS = YES;
				CLANG_WARN_STRICT_PROTOTYPES = YES;
				CLANG_WARN_SUSPICIOUS_MOVE = YES;
				CLANG_WARN_UNGUARDED_AVAILABILITY = YES_AGGRESSIVE;
				CLANG_WARN_UNREACHABLE_CODE = YES;
				CLANG_WARN__DUPLICATE_METHOD_MATCH = YES;
				COPY_PHASE_STRIP = NO;
				DEBUG_INFORMATION_FORMAT = "dwarf-with-dsym";
				ENABLE_NS_ASSERTIONS = NO;
				ENABLE_STRICT_OBJC_MSGSEND = YES;
				GCC_C_LANGUAGE_STANDARD = gnu11;
				GCC_NO_COMMON_BLOCKS = YES;
				GCC_WARN_64_TO_32_BIT_CONVERSION = YES;
				GCC_WARN_ABOUT_RETURN_TYPE = YES_ERROR;
				GCC_WARN_UNDECLARED_SELECTOR = YES;
				GCC_WARN_UNINITIALIZED_AUTOS = YES_AGGRESSIVE;
				GCC_WARN_UNUSED_FUNCTION = YES;
				GCC_WARN_UNUSED_VARIABLE = YES;
				IPHONEOS_DEPLOYMENT_TARGET = 16.4;
				MTL_ENABLE_DEBUG_INFO = NO;
				MTL_FAST_MATH = YES;
				SDKROOT = iphoneos;
				SWIFT_COMPILATION_MODE = wholemodule;
				SWIFT_OPTIMIZATION_LEVEL = "-O";
				VALIDATE_PRODUCT = YES;
			};
			name = Release;
		};
		3AE0CCE12ADD0CE4001FE371 /* Debug */ = {
			isa = XCBuildConfiguration;
			buildSettings = {
				ASSETCATALOG_COMPILER_APPICON_NAME = AppIcon;
				ASSETCATALOG_COMPILER_GLOBAL_ACCENT_COLOR_NAME = AccentColor;
				CODE_SIGN_STYLE = Automatic;
				CURRENT_PROJECT_VERSION = 1;
				DEVELOPMENT_ASSET_PATHS = "\"QED/Preview Content\"";
				DEVELOPMENT_TEAM = 3BWEDXDT2H;
				ENABLE_PREVIEWS = YES;
				GENERATE_INFOPLIST_FILE = YES;
				INFOPLIST_KEY_UIApplicationSceneManifest_Generation = YES;
				INFOPLIST_KEY_UIApplicationSupportsIndirectInputEvents = YES;
				INFOPLIST_KEY_UILaunchScreen_Generation = YES;
				INFOPLIST_KEY_UISupportedInterfaceOrientations_iPad = "UIInterfaceOrientationPortrait UIInterfaceOrientationPortraitUpsideDown UIInterfaceOrientationLandscapeLeft UIInterfaceOrientationLandscapeRight";
				INFOPLIST_KEY_UISupportedInterfaceOrientations_iPhone = "UIInterfaceOrientationPortrait UIInterfaceOrientationLandscapeLeft UIInterfaceOrientationLandscapeRight";
				LD_RUNPATH_SEARCH_PATHS = (
					"$(inherited)",
					"@executable_path/Frameworks",
				);
				MARKETING_VERSION = 1.0;
				PRODUCT_BUNDLE_IDENTIFIER = qed.QED;
				PRODUCT_NAME = "$(TARGET_NAME)";
				SWIFT_EMIT_LOC_STRINGS = YES;
				SWIFT_VERSION = 5.0;
				TARGETED_DEVICE_FAMILY = "1,2";
			};
			name = Debug;
		};
		3AE0CCE22ADD0CE4001FE371 /* Release */ = {
			isa = XCBuildConfiguration;
			buildSettings = {
				ASSETCATALOG_COMPILER_APPICON_NAME = AppIcon;
				ASSETCATALOG_COMPILER_GLOBAL_ACCENT_COLOR_NAME = AccentColor;
				CODE_SIGN_STYLE = Automatic;
				CURRENT_PROJECT_VERSION = 1;
				DEVELOPMENT_ASSET_PATHS = "\"QED/Preview Content\"";
				DEVELOPMENT_TEAM = 3BWEDXDT2H;
				ENABLE_PREVIEWS = YES;
				GENERATE_INFOPLIST_FILE = YES;
				INFOPLIST_KEY_UIApplicationSceneManifest_Generation = YES;
				INFOPLIST_KEY_UIApplicationSupportsIndirectInputEvents = YES;
				INFOPLIST_KEY_UILaunchScreen_Generation = YES;
				INFOPLIST_KEY_UISupportedInterfaceOrientations_iPad = "UIInterfaceOrientationPortrait UIInterfaceOrientationPortraitUpsideDown UIInterfaceOrientationLandscapeLeft UIInterfaceOrientationLandscapeRight";
				INFOPLIST_KEY_UISupportedInterfaceOrientations_iPhone = "UIInterfaceOrientationPortrait UIInterfaceOrientationLandscapeLeft UIInterfaceOrientationLandscapeRight";
				LD_RUNPATH_SEARCH_PATHS = (
					"$(inherited)",
					"@executable_path/Frameworks",
				);
				MARKETING_VERSION = 1.0;
				PRODUCT_BUNDLE_IDENTIFIER = qed.QED;
				PRODUCT_NAME = "$(TARGET_NAME)";
				SWIFT_EMIT_LOC_STRINGS = YES;
				SWIFT_VERSION = 5.0;
				TARGETED_DEVICE_FAMILY = "1,2";
			};
			name = Release;
		};
		3AE0CCE42ADD0CE4001FE371 /* Debug */ = {
			isa = XCBuildConfiguration;
			buildSettings = {
				ALWAYS_EMBED_SWIFT_STANDARD_LIBRARIES = YES;
				BUNDLE_LOADER = "$(TEST_HOST)";
				CODE_SIGN_STYLE = Automatic;
				CURRENT_PROJECT_VERSION = 1;
				DEVELOPMENT_TEAM = 3BWEDXDT2H;
				GENERATE_INFOPLIST_FILE = YES;
				IPHONEOS_DEPLOYMENT_TARGET = 16.4;
				MARKETING_VERSION = 1.0;
				PRODUCT_BUNDLE_IDENTIFIER = qed.QEDTests;
				PRODUCT_NAME = "$(TARGET_NAME)";
				SWIFT_EMIT_LOC_STRINGS = NO;
				SWIFT_VERSION = 5.0;
				TARGETED_DEVICE_FAMILY = "1,2";
				TEST_HOST = "$(BUILT_PRODUCTS_DIR)/QED.app/$(BUNDLE_EXECUTABLE_FOLDER_PATH)/QED";
			};
			name = Debug;
		};
		3AE0CCE52ADD0CE4001FE371 /* Release */ = {
			isa = XCBuildConfiguration;
			buildSettings = {
				ALWAYS_EMBED_SWIFT_STANDARD_LIBRARIES = YES;
				BUNDLE_LOADER = "$(TEST_HOST)";
				CODE_SIGN_STYLE = Automatic;
				CURRENT_PROJECT_VERSION = 1;
				DEVELOPMENT_TEAM = 3BWEDXDT2H;
				GENERATE_INFOPLIST_FILE = YES;
				IPHONEOS_DEPLOYMENT_TARGET = 16.4;
				MARKETING_VERSION = 1.0;
				PRODUCT_BUNDLE_IDENTIFIER = qed.QEDTests;
				PRODUCT_NAME = "$(TARGET_NAME)";
				SWIFT_EMIT_LOC_STRINGS = NO;
				SWIFT_VERSION = 5.0;
				TARGETED_DEVICE_FAMILY = "1,2";
				TEST_HOST = "$(BUILT_PRODUCTS_DIR)/QED.app/$(BUNDLE_EXECUTABLE_FOLDER_PATH)/QED";
			};
			name = Release;
		};
		3AE0CCE72ADD0CE4001FE371 /* Debug */ = {
			isa = XCBuildConfiguration;
			buildSettings = {
				ALWAYS_EMBED_SWIFT_STANDARD_LIBRARIES = YES;
				CODE_SIGN_STYLE = Automatic;
				CURRENT_PROJECT_VERSION = 1;
				DEVELOPMENT_TEAM = 3BWEDXDT2H;
				GENERATE_INFOPLIST_FILE = YES;
				MARKETING_VERSION = 1.0;
				PRODUCT_BUNDLE_IDENTIFIER = qed.QEDUITests;
				PRODUCT_NAME = "$(TARGET_NAME)";
				SWIFT_EMIT_LOC_STRINGS = NO;
				SWIFT_VERSION = 5.0;
				TARGETED_DEVICE_FAMILY = "1,2";
				TEST_TARGET_NAME = QED;
			};
			name = Debug;
		};
		3AE0CCE82ADD0CE4001FE371 /* Release */ = {
			isa = XCBuildConfiguration;
			buildSettings = {
				ALWAYS_EMBED_SWIFT_STANDARD_LIBRARIES = YES;
				CODE_SIGN_STYLE = Automatic;
				CURRENT_PROJECT_VERSION = 1;
				DEVELOPMENT_TEAM = 3BWEDXDT2H;
				GENERATE_INFOPLIST_FILE = YES;
				MARKETING_VERSION = 1.0;
				PRODUCT_BUNDLE_IDENTIFIER = qed.QEDUITests;
				PRODUCT_NAME = "$(TARGET_NAME)";
				SWIFT_EMIT_LOC_STRINGS = NO;
				SWIFT_VERSION = 5.0;
				TARGETED_DEVICE_FAMILY = "1,2";
				TEST_TARGET_NAME = QED;
			};
			name = Release;
		};
/* End XCBuildConfiguration section */

/* Begin XCConfigurationList section */
		3AE0CCB72ADD0CE1001FE371 /* Build configuration list for PBXProject "QED" */ = {
			isa = XCConfigurationList;
			buildConfigurations = (
				3AE0CCDE2ADD0CE4001FE371 /* Debug */,
				3AE0CCDF2ADD0CE4001FE371 /* Release */,
			);
			defaultConfigurationIsVisible = 0;
			defaultConfigurationName = Release;
		};
		3AE0CCE02ADD0CE4001FE371 /* Build configuration list for PBXNativeTarget "QED" */ = {
			isa = XCConfigurationList;
			buildConfigurations = (
				3AE0CCE12ADD0CE4001FE371 /* Debug */,
				3AE0CCE22ADD0CE4001FE371 /* Release */,
			);
			defaultConfigurationIsVisible = 0;
			defaultConfigurationName = Release;
		};
		3AE0CCE32ADD0CE4001FE371 /* Build configuration list for PBXNativeTarget "QEDTests" */ = {
			isa = XCConfigurationList;
			buildConfigurations = (
				3AE0CCE42ADD0CE4001FE371 /* Debug */,
				3AE0CCE52ADD0CE4001FE371 /* Release */,
			);
			defaultConfigurationIsVisible = 0;
			defaultConfigurationName = Release;
		};
		3AE0CCE62ADD0CE4001FE371 /* Build configuration list for PBXNativeTarget "QEDUITests" */ = {
			isa = XCConfigurationList;
			buildConfigurations = (
				3AE0CCE72ADD0CE4001FE371 /* Debug */,
				3AE0CCE82ADD0CE4001FE371 /* Release */,
			);
			defaultConfigurationIsVisible = 0;
			defaultConfigurationName = Release;
		};
/* End XCConfigurationList section */
	};
	rootObject = 3AE0CCB42ADD0CE1001FE371 /* Project object */;
}
