// !$*UTF8*$!
{
	archiveVersion = 1;
	classes = {
	};
	objectVersion = 56;
	objects = {

/* Begin PBXBuildFile section */
		3AE0CCC02ADD0CE1001FE371 /* QEDApp.swift in Sources */ = {isa = PBXBuildFile; fileRef = 3AE0CCBF2ADD0CE1001FE371 /* QEDApp.swift */; };
		3AE0CCC22ADD0CE1001FE371 /* ContentView.swift in Sources */ = {isa = PBXBuildFile; fileRef = 3AE0CCC12ADD0CE1001FE371 /* ContentView.swift */; };
		3AE0CCC42ADD0CE4001FE371 /* Assets.xcassets in Resources */ = {isa = PBXBuildFile; fileRef = 3AE0CCC32ADD0CE4001FE371 /* Assets.xcassets */; };
		3AE0CCC72ADD0CE4001FE371 /* Preview Assets.xcassets in Resources */ = {isa = PBXBuildFile; fileRef = 3AE0CCC62ADD0CE4001FE371 /* Preview Assets.xcassets */; };
		3AE0CCEC2ADD4BB0001FE371 /* User.swift in Sources */ = {isa = PBXBuildFile; fileRef = 3AE0CCEB2ADD4BB0001FE371 /* User.swift */; };
		3AE0CCEE2ADD4D0B001FE371 /* Music.swift in Sources */ = {isa = PBXBuildFile; fileRef = 3AE0CCED2ADD4D0B001FE371 /* Music.swift */; };
		3AE0CCF02ADD50FB001FE371 /* Member.swift in Sources */ = {isa = PBXBuildFile; fileRef = 3AE0CCEF2ADD50FB001FE371 /* Member.swift */; };
		3AE0CCF22ADD5500001FE371 /* Preset.swift in Sources */ = {isa = PBXBuildFile; fileRef = 3AE0CCF12ADD5500001FE371 /* Preset.swift */; };
		3AE0CCF42ADD59CB001FE371 /* Formation.swift in Sources */ = {isa = PBXBuildFile; fileRef = 3AE0CCF32ADD59CB001FE371 /* Formation.swift */; };
		3AE0CCF62ADD5A70001FE371 /* FormationTransition.swift in Sources */ = {isa = PBXBuildFile; fileRef = 3AE0CCF52ADD5A70001FE371 /* FormationTransition.swift */; };
		3AE0CCF82ADD6705001FE371 /* Performance.swift in Sources */ = {isa = PBXBuildFile; fileRef = 3AE0CCF72ADD6705001FE371 /* Performance.swift */; };
		3AE0CCFB2ADD696B001FE371 /* Playable.swift in Sources */ = {isa = PBXBuildFile; fileRef = 3AE0CCFA2ADD696B001FE371 /* Playable.swift */; };
		3AE0CCFF2ADD8B86001FE371 /* MinMax.swift in Sources */ = {isa = PBXBuildFile; fileRef = 3AE0CCFE2ADD8B86001FE371 /* MinMax.swift */; };
		3AE0CD012ADD8EFB001FE371 /* HexString.swift in Sources */ = {isa = PBXBuildFile; fileRef = 3AE0CD002ADD8EFB001FE371 /* HexString.swift */; };
		3AE0CD072ADD92C2001FE371 /* MinMaxTests.swift in Sources */ = {isa = PBXBuildFile; fileRef = 3AE0CD062ADD92C2001FE371 /* MinMaxTests.swift */; };
		3AE0CD092ADD9676001FE371 /* HexStringTests.swift in Sources */ = {isa = PBXBuildFile; fileRef = 3AE0CD082ADD9676001FE371 /* HexStringTests.swift */; };
		3AE0CD0D2ADD98EF001FE371 /* MemberConstants.swift in Sources */ = {isa = PBXBuildFile; fileRef = 3AE0CD0C2ADD98EF001FE371 /* MemberConstants.swift */; };
		D413336E2ADE7F2200BDE1BB /* FirebaseAuth in Frameworks */ = {isa = PBXBuildFile; productRef = D413336D2ADE7F2200BDE1BB /* FirebaseAuth */; };
		D41333732ADE826100BDE1BB /* AuthRepository.swift in Sources */ = {isa = PBXBuildFile; fileRef = D41333722ADE826100BDE1BB /* AuthRepository.swift */; };
		D41333762ADE84FF00BDE1BB /* AuthManagerImplement.swift in Sources */ = {isa = PBXBuildFile; fileRef = D41333752ADE84FF00BDE1BB /* AuthManagerImplement.swift */; };
		D413337B2ADE867800BDE1BB /* FinishLaunching.swift in Sources */ = {isa = PBXBuildFile; fileRef = D413337A2ADE867800BDE1BB /* FinishLaunching.swift */; };
		D413337E2ADE8CA800BDE1BB /* GoogleSignIn in Frameworks */ = {isa = PBXBuildFile; productRef = D413337D2ADE8CA800BDE1BB /* GoogleSignIn */; };
		D41333802ADE8CA800BDE1BB /* GoogleSignInSwift in Frameworks */ = {isa = PBXBuildFile; productRef = D413337F2ADE8CA800BDE1BB /* GoogleSignInSwift */; };
		D41333852ADE91B300BDE1BB /* AppDelegate.swift in Sources */ = {isa = PBXBuildFile; fileRef = D41333842ADE91B300BDE1BB /* AppDelegate.swift */; };
/* End PBXBuildFile section */

/* Begin PBXContainerItemProxy section */
		3AE0CCCD2ADD0CE4001FE371 /* PBXContainerItemProxy */ = {
			isa = PBXContainerItemProxy;
			containerPortal = 3AE0CCB42ADD0CE1001FE371 /* Project object */;
			proxyType = 1;
			remoteGlobalIDString = 3AE0CCBB2ADD0CE1001FE371;
			remoteInfo = QED;
		};
		3AE0CCD72ADD0CE4001FE371 /* PBXContainerItemProxy */ = {
			isa = PBXContainerItemProxy;
			containerPortal = 3AE0CCB42ADD0CE1001FE371 /* Project object */;
			proxyType = 1;
			remoteGlobalIDString = 3AE0CCBB2ADD0CE1001FE371;
			remoteInfo = QED;
		};
/* End PBXContainerItemProxy section */

/* Begin PBXFileReference section */
		3A47F43B2ADE5AEC000E3272 /* QED.xctestplan */ = {isa = PBXFileReference; lastKnownFileType = text; path = QED.xctestplan; sourceTree = "<group>"; };
		3AE0CCBC2ADD0CE1001FE371 /* QED.app */ = {isa = PBXFileReference; explicitFileType = wrapper.application; includeInIndex = 0; path = QED.app; sourceTree = BUILT_PRODUCTS_DIR; };
		3AE0CCBF2ADD0CE1001FE371 /* QEDApp.swift */ = {isa = PBXFileReference; lastKnownFileType = sourcecode.swift; path = QEDApp.swift; sourceTree = "<group>"; };
		3AE0CCC12ADD0CE1001FE371 /* ContentView.swift */ = {isa = PBXFileReference; lastKnownFileType = sourcecode.swift; path = ContentView.swift; sourceTree = "<group>"; };
		3AE0CCC32ADD0CE4001FE371 /* Assets.xcassets */ = {isa = PBXFileReference; lastKnownFileType = folder.assetcatalog; path = Assets.xcassets; sourceTree = "<group>"; };
		3AE0CCC62ADD0CE4001FE371 /* Preview Assets.xcassets */ = {isa = PBXFileReference; lastKnownFileType = folder.assetcatalog; path = "Preview Assets.xcassets"; sourceTree = "<group>"; };
		3AE0CCCC2ADD0CE4001FE371 /* QEDTests.xctest */ = {isa = PBXFileReference; explicitFileType = wrapper.cfbundle; includeInIndex = 0; path = QEDTests.xctest; sourceTree = BUILT_PRODUCTS_DIR; };
		3AE0CCD62ADD0CE4001FE371 /* QEDUITests.xctest */ = {isa = PBXFileReference; explicitFileType = wrapper.cfbundle; includeInIndex = 0; path = QEDUITests.xctest; sourceTree = BUILT_PRODUCTS_DIR; };
		3AE0CCEB2ADD4BB0001FE371 /* User.swift */ = {isa = PBXFileReference; lastKnownFileType = sourcecode.swift; path = User.swift; sourceTree = "<group>"; };
		3AE0CCED2ADD4D0B001FE371 /* Music.swift */ = {isa = PBXFileReference; lastKnownFileType = sourcecode.swift; path = Music.swift; sourceTree = "<group>"; };
		3AE0CCEF2ADD50FB001FE371 /* Member.swift */ = {isa = PBXFileReference; lastKnownFileType = sourcecode.swift; path = Member.swift; sourceTree = "<group>"; };
		3AE0CCF12ADD5500001FE371 /* Preset.swift */ = {isa = PBXFileReference; lastKnownFileType = sourcecode.swift; path = Preset.swift; sourceTree = "<group>"; };
		3AE0CCF32ADD59CB001FE371 /* Formation.swift */ = {isa = PBXFileReference; lastKnownFileType = sourcecode.swift; path = Formation.swift; sourceTree = "<group>"; };
		3AE0CCF52ADD5A70001FE371 /* FormationTransition.swift */ = {isa = PBXFileReference; lastKnownFileType = sourcecode.swift; path = FormationTransition.swift; sourceTree = "<group>"; };
		3AE0CCF72ADD6705001FE371 /* Performance.swift */ = {isa = PBXFileReference; lastKnownFileType = sourcecode.swift; path = Performance.swift; sourceTree = "<group>"; };
		3AE0CCFA2ADD696B001FE371 /* Playable.swift */ = {isa = PBXFileReference; lastKnownFileType = sourcecode.swift; path = Playable.swift; sourceTree = "<group>"; };
		3AE0CCFE2ADD8B86001FE371 /* MinMax.swift */ = {isa = PBXFileReference; lastKnownFileType = sourcecode.swift; path = MinMax.swift; sourceTree = "<group>"; };
		3AE0CD002ADD8EFB001FE371 /* HexString.swift */ = {isa = PBXFileReference; lastKnownFileType = sourcecode.swift; path = HexString.swift; sourceTree = "<group>"; };
		3AE0CD062ADD92C2001FE371 /* MinMaxTests.swift */ = {isa = PBXFileReference; lastKnownFileType = sourcecode.swift; path = MinMaxTests.swift; sourceTree = "<group>"; };
		3AE0CD082ADD9676001FE371 /* HexStringTests.swift */ = {isa = PBXFileReference; lastKnownFileType = sourcecode.swift; path = HexStringTests.swift; sourceTree = "<group>"; };
		3AE0CD0C2ADD98EF001FE371 /* MemberConstants.swift */ = {isa = PBXFileReference; lastKnownFileType = sourcecode.swift; path = MemberConstants.swift; sourceTree = "<group>"; };
		D41333722ADE826100BDE1BB /* AuthRepository.swift */ = {isa = PBXFileReference; lastKnownFileType = sourcecode.swift; path = AuthRepository.swift; sourceTree = "<group>"; };
		D41333752ADE84FF00BDE1BB /* AuthManagerImplement.swift */ = {isa = PBXFileReference; lastKnownFileType = sourcecode.swift; path = AuthManagerImplement.swift; sourceTree = "<group>"; };
		D413337A2ADE867800BDE1BB /* FinishLaunching.swift */ = {isa = PBXFileReference; lastKnownFileType = sourcecode.swift; path = FinishLaunching.swift; sourceTree = "<group>"; };
		D41333842ADE91B300BDE1BB /* AppDelegate.swift */ = {isa = PBXFileReference; lastKnownFileType = sourcecode.swift; path = AppDelegate.swift; sourceTree = "<group>"; };
/* End PBXFileReference section */

/* Begin PBXFrameworksBuildPhase section */
		3AE0CCB92ADD0CE1001FE371 /* Frameworks */ = {
			isa = PBXFrameworksBuildPhase;
			buildActionMask = 2147483647;
			files = (
				D41333802ADE8CA800BDE1BB /* GoogleSignInSwift in Frameworks */,
				D413336E2ADE7F2200BDE1BB /* FirebaseAuth in Frameworks */,
				D413337E2ADE8CA800BDE1BB /* GoogleSignIn in Frameworks */,
			);
			runOnlyForDeploymentPostprocessing = 0;
		};
		3AE0CCC92ADD0CE4001FE371 /* Frameworks */ = {
			isa = PBXFrameworksBuildPhase;
			buildActionMask = 2147483647;
			files = (
			);
			runOnlyForDeploymentPostprocessing = 0;
		};
		3AE0CCD32ADD0CE4001FE371 /* Frameworks */ = {
			isa = PBXFrameworksBuildPhase;
			buildActionMask = 2147483647;
			files = (
			);
			runOnlyForDeploymentPostprocessing = 0;
		};
/* End PBXFrameworksBuildPhase section */

/* Begin PBXGroup section */
		3A47F43C2ADE5F7B000E3272 /* Shared */ = {
			isa = PBXGroup;
			children = (
				3AE0CD022ADD9293001FE371 /* Utilities */,
			);
			path = Shared;
			sourceTree = "<group>";
		};
		3AE0CCB32ADD0CE1001FE371 = {
			isa = PBXGroup;
			children = (
				3A47F43B2ADE5AEC000E3272 /* QED.xctestplan */,
				3AE0CCBE2ADD0CE1001FE371 /* QED */,
				3AE0CCCF2ADD0CE4001FE371 /* QEDTests */,
				3AE0CCBD2ADD0CE1001FE371 /* Products */,
			);
			sourceTree = "<group>";
		};
		3AE0CCBD2ADD0CE1001FE371 /* Products */ = {
			isa = PBXGroup;
			children = (
				3AE0CCBC2ADD0CE1001FE371 /* QED.app */,
				3AE0CCCC2ADD0CE4001FE371 /* QEDTests.xctest */,
				3AE0CCD62ADD0CE4001FE371 /* QEDUITests.xctest */,
			);
			name = Products;
			sourceTree = "<group>";
		};
		3AE0CCBE2ADD0CE1001FE371 /* QED */ = {
			isa = PBXGroup;
			children = (
				D413336F2ADE7FDD00BDE1BB /* Data */,
				3AE0CCE92ADD4B90001FE371 /* Domain */,
				3AE0CD0A2ADD9889001FE371 /* Shared */,
				3AE0CCBF2ADD0CE1001FE371 /* QEDApp.swift */,
				3AE0CCC12ADD0CE1001FE371 /* ContentView.swift */,
				3AE0CCC32ADD0CE4001FE371 /* Assets.xcassets */,
				3AE0CCC52ADD0CE4001FE371 /* Preview Content */,
			);
			path = QED;
			sourceTree = "<group>";
		};
		3AE0CCC52ADD0CE4001FE371 /* Preview Content */ = {
			isa = PBXGroup;
			children = (
				3AE0CCC62ADD0CE4001FE371 /* Preview Assets.xcassets */,
			);
			path = "Preview Content";
			sourceTree = "<group>";
		};
		3AE0CCCF2ADD0CE4001FE371 /* QEDTests */ = {
			isa = PBXGroup;
			children = (
				3A47F43C2ADE5F7B000E3272 /* Shared */,
			);
			path = QEDTests;
			sourceTree = "<group>";
		};
		3AE0CCE92ADD4B90001FE371 /* Domain */ = {
			isa = PBXGroup;
			children = (
				3AE0CCEA2ADD4B96001FE371 /* Entities */,
				D41333702ADE7FE800BDE1BB /* Repositories */,
			);
			path = Domain;
			sourceTree = "<group>";
		};
		3AE0CCEA2ADD4B96001FE371 /* Entities */ = {
			isa = PBXGroup;
			children = (
				3AE0CCF92ADD694A001FE371 /* Interfaces */,
				3AE0CCEB2ADD4BB0001FE371 /* User.swift */,
				3AE0CCED2ADD4D0B001FE371 /* Music.swift */,
				3AE0CCEF2ADD50FB001FE371 /* Member.swift */,
				3AE0CCF12ADD5500001FE371 /* Preset.swift */,
				3AE0CCF32ADD59CB001FE371 /* Formation.swift */,
				3AE0CCF52ADD5A70001FE371 /* FormationTransition.swift */,
				3AE0CCF72ADD6705001FE371 /* Performance.swift */,
			);
			path = Entities;
			sourceTree = "<group>";
		};
		3AE0CCF92ADD694A001FE371 /* Interfaces */ = {
			isa = PBXGroup;
			children = (
				3AE0CCFA2ADD696B001FE371 /* Playable.swift */,
			);
			path = Interfaces;
			sourceTree = "<group>";
		};
		3AE0CCFC2ADD8B5B001FE371 /* Utilities */ = {
			isa = PBXGroup;
			children = (
				3AE0CCFD2ADD8B6D001FE371 /* PropertyWrappers */,
			);
			path = Utilities;
			sourceTree = "<group>";
		};
		3AE0CCFD2ADD8B6D001FE371 /* PropertyWrappers */ = {
			isa = PBXGroup;
			children = (
				3AE0CCFE2ADD8B86001FE371 /* MinMax.swift */,
				3AE0CD002ADD8EFB001FE371 /* HexString.swift */,
			);
			path = PropertyWrappers;
			sourceTree = "<group>";
		};
		3AE0CD022ADD9293001FE371 /* Utilities */ = {
			isa = PBXGroup;
			children = (
				3AE0CD032ADD92A6001FE371 /* PropertyWrappers */,
			);
			path = Utilities;
			sourceTree = "<group>";
		};
		3AE0CD032ADD92A6001FE371 /* PropertyWrappers */ = {
			isa = PBXGroup;
			children = (
				3AE0CD062ADD92C2001FE371 /* MinMaxTests.swift */,
				3AE0CD082ADD9676001FE371 /* HexStringTests.swift */,
			);
			path = PropertyWrappers;
			sourceTree = "<group>";
		};
		3AE0CD0A2ADD9889001FE371 /* Shared */ = {
			isa = PBXGroup;
			children = (
				D41333792ADE866700BDE1BB /* LifeCycle */,
				3AE0CD0B2ADD98A5001FE371 /* Static */,
				3AE0CCFC2ADD8B5B001FE371 /* Utilities */,
			);
			path = Shared;
			sourceTree = "<group>";
		};
		3AE0CD0B2ADD98A5001FE371 /* Static */ = {
			isa = PBXGroup;
			children = (
				3AE0CD0C2ADD98EF001FE371 /* MemberConstants.swift */,
			);
			path = Static;
			sourceTree = "<group>";
		};
		D413336F2ADE7FDD00BDE1BB /* Data */ = {
			isa = PBXGroup;
			children = (
				D41333742ADE84E200BDE1BB /* RepositoryImplements */,
			);
			path = Data;
			sourceTree = "<group>";
		};
		D41333702ADE7FE800BDE1BB /* Repositories */ = {
			isa = PBXGroup;
			children = (
				D41333722ADE826100BDE1BB /* AuthRepository.swift */,
			);
			path = Repositories;
			sourceTree = "<group>";
		};
		D41333742ADE84E200BDE1BB /* RepositoryImplements */ = {
			isa = PBXGroup;
			children = (
				D41333752ADE84FF00BDE1BB /* AuthManagerImplement.swift */,
			);
			path = RepositoryImplements;
			sourceTree = "<group>";
		};
		D41333792ADE866700BDE1BB /* LifeCycle */ = {
			isa = PBXGroup;
			children = (
				D413337A2ADE867800BDE1BB /* FinishLaunching.swift */,
				D41333842ADE91B300BDE1BB /* AppDelegate.swift */,
			);
			path = LifeCycle;
			sourceTree = "<group>";
		};
/* End PBXGroup section */

/* Begin PBXNativeTarget section */
		3AE0CCBB2ADD0CE1001FE371 /* QED */ = {
			isa = PBXNativeTarget;
			buildConfigurationList = 3AE0CCE02ADD0CE4001FE371 /* Build configuration list for PBXNativeTarget "QED" */;
			buildPhases = (
				3AE0CCB82ADD0CE1001FE371 /* Sources */,
				3AE0CCB92ADD0CE1001FE371 /* Frameworks */,
				3AE0CCBA2ADD0CE1001FE371 /* Resources */,
				3A4F0B232ADDA0E100C0CD8B /* ShellScript */,
			);
			buildRules = (
			);
			dependencies = (
			);
			name = QED;
			packageProductDependencies = (
				D413336D2ADE7F2200BDE1BB /* FirebaseAuth */,
				D413337D2ADE8CA800BDE1BB /* GoogleSignIn */,
				D413337F2ADE8CA800BDE1BB /* GoogleSignInSwift */,
			);
			productName = QED;
			productReference = 3AE0CCBC2ADD0CE1001FE371 /* QED.app */;
			productType = "com.apple.product-type.application";
		};
		3AE0CCCB2ADD0CE4001FE371 /* QEDTests */ = {
			isa = PBXNativeTarget;
			buildConfigurationList = 3AE0CCE32ADD0CE4001FE371 /* Build configuration list for PBXNativeTarget "QEDTests" */;
			buildPhases = (
				3AE0CCC82ADD0CE4001FE371 /* Sources */,
				3AE0CCC92ADD0CE4001FE371 /* Frameworks */,
				3AE0CCCA2ADD0CE4001FE371 /* Resources */,
			);
			buildRules = (
			);
			dependencies = (
				3AE0CCCE2ADD0CE4001FE371 /* PBXTargetDependency */,
			);
			name = QEDTests;
			productName = QEDTests;
			productReference = 3AE0CCCC2ADD0CE4001FE371 /* QEDTests.xctest */;
			productType = "com.apple.product-type.bundle.unit-test";
		};
		3AE0CCD52ADD0CE4001FE371 /* QEDUITests */ = {
			isa = PBXNativeTarget;
			buildConfigurationList = 3AE0CCE62ADD0CE4001FE371 /* Build configuration list for PBXNativeTarget "QEDUITests" */;
			buildPhases = (
				3AE0CCD22ADD0CE4001FE371 /* Sources */,
				3AE0CCD32ADD0CE4001FE371 /* Frameworks */,
				3AE0CCD42ADD0CE4001FE371 /* Resources */,
			);
			buildRules = (
			);
			dependencies = (
				3AE0CCD82ADD0CE4001FE371 /* PBXTargetDependency */,
			);
			name = QEDUITests;
			productName = QEDUITests;
			productReference = 3AE0CCD62ADD0CE4001FE371 /* QEDUITests.xctest */;
			productType = "com.apple.product-type.bundle.ui-testing";
		};
/* End PBXNativeTarget section */

/* Begin PBXProject section */
		3AE0CCB42ADD0CE1001FE371 /* Project object */ = {
			isa = PBXProject;
			attributes = {
				BuildIndependentTargetsInParallel = 1;
				LastSwiftUpdateCheck = 1430;
				LastUpgradeCheck = 1430;
				TargetAttributes = {
					3AE0CCBB2ADD0CE1001FE371 = {
						CreatedOnToolsVersion = 14.3;
					};
					3AE0CCCB2ADD0CE4001FE371 = {
						CreatedOnToolsVersion = 14.3;
						TestTargetID = 3AE0CCBB2ADD0CE1001FE371;
					};
					3AE0CCD52ADD0CE4001FE371 = {
						CreatedOnToolsVersion = 14.3;
						TestTargetID = 3AE0CCBB2ADD0CE1001FE371;
					};
				};
			};
			buildConfigurationList = 3AE0CCB72ADD0CE1001FE371 /* Build configuration list for PBXProject "QED" */;
			compatibilityVersion = "Xcode 14.0";
			developmentRegion = en;
			hasScannedForEncodings = 0;
			knownRegions = (
				en,
				Base,
			);
			mainGroup = 3AE0CCB32ADD0CE1001FE371;
			packageReferences = (
				D413336C2ADE7F2200BDE1BB /* XCRemoteSwiftPackageReference "firebase-ios-sdk" */,
				D413337C2ADE8CA800BDE1BB /* XCRemoteSwiftPackageReference "GoogleSignIn-iOS" */,
			);
			productRefGroup = 3AE0CCBD2ADD0CE1001FE371 /* Products */;
			projectDirPath = "";
			projectRoot = "";
			targets = (
				3AE0CCBB2ADD0CE1001FE371 /* QED */,
				3AE0CCCB2ADD0CE4001FE371 /* QEDTests */,
				3AE0CCD52ADD0CE4001FE371 /* QEDUITests */,
			);
		};
/* End PBXProject section */

/* Begin PBXResourcesBuildPhase section */
		3AE0CCBA2ADD0CE1001FE371 /* Resources */ = {
			isa = PBXResourcesBuildPhase;
			buildActionMask = 2147483647;
			files = (
				3AE0CCC72ADD0CE4001FE371 /* Preview Assets.xcassets in Resources */,
				3AE0CCC42ADD0CE4001FE371 /* Assets.xcassets in Resources */,
			);
			runOnlyForDeploymentPostprocessing = 0;
		};
		3AE0CCCA2ADD0CE4001FE371 /* Resources */ = {
			isa = PBXResourcesBuildPhase;
			buildActionMask = 2147483647;
			files = (
			);
			runOnlyForDeploymentPostprocessing = 0;
		};
		3AE0CCD42ADD0CE4001FE371 /* Resources */ = {
			isa = PBXResourcesBuildPhase;
			buildActionMask = 2147483647;
			files = (
			);
			runOnlyForDeploymentPostprocessing = 0;
		};
/* End PBXResourcesBuildPhase section */

/* Begin PBXShellScriptBuildPhase section */
		3A4F0B232ADDA0E100C0CD8B /* ShellScript */ = {
			isa = PBXShellScriptBuildPhase;
			alwaysOutOfDate = 1;
			buildActionMask = 2147483647;
			files = (
			);
			inputFileListPaths = (
			);
			inputPaths = (
			);
			outputFileListPaths = (
			);
			outputPaths = (
			);
			runOnlyForDeploymentPostprocessing = 0;
			shellPath = /bin/sh;
			shellScript = "if test -d \"/opt/homebrew/bin/\"; then\n  PATH=\"/opt/homebrew/bin/:${PATH}\"\nfi\n\nexport PATH\n\nif which swiftlint >/dev/null; then\n  swiftlint --fix\n  swiftlint\nelse\n  echo \"warning: SwiftLint not installed, download from https://github.com/realm/SwiftLint\"\nfi\n";
		};
/* End PBXShellScriptBuildPhase section */

/* Begin PBXSourcesBuildPhase section */
		3AE0CCB82ADD0CE1001FE371 /* Sources */ = {
			isa = PBXSourcesBuildPhase;
			buildActionMask = 2147483647;
			files = (
				3AE0CCC22ADD0CE1001FE371 /* ContentView.swift in Sources */,
				3AE0CCFF2ADD8B86001FE371 /* MinMax.swift in Sources */,
				3AE0CCF02ADD50FB001FE371 /* Member.swift in Sources */,
				3AE0CD0D2ADD98EF001FE371 /* MemberConstants.swift in Sources */,
				3AE0CCC02ADD0CE1001FE371 /* QEDApp.swift in Sources */,
				3AE0CCF42ADD59CB001FE371 /* Formation.swift in Sources */,
				3AE0CCEE2ADD4D0B001FE371 /* Music.swift in Sources */,
				3AE0CD012ADD8EFB001FE371 /* HexString.swift in Sources */,
				3AE0CCF22ADD5500001FE371 /* Preset.swift in Sources */,
				3AE0CCF82ADD6705001FE371 /* Performance.swift in Sources */,
				D413337B2ADE867800BDE1BB /* FinishLaunching.swift in Sources */,
				3AE0CCFB2ADD696B001FE371 /* Playable.swift in Sources */,
				D41333732ADE826100BDE1BB /* AuthRepository.swift in Sources */,
				D41333762ADE84FF00BDE1BB /* AuthManagerImplement.swift in Sources */,
				3AE0CCF62ADD5A70001FE371 /* FormationTransition.swift in Sources */,
				D41333852ADE91B300BDE1BB /* AppDelegate.swift in Sources */,
				3AE0CCEC2ADD4BB0001FE371 /* User.swift in Sources */,
			);
			runOnlyForDeploymentPostprocessing = 0;
		};
		3AE0CCC82ADD0CE4001FE371 /* Sources */ = {
			isa = PBXSourcesBuildPhase;
			buildActionMask = 2147483647;
			files = (
				3AE0CD072ADD92C2001FE371 /* MinMaxTests.swift in Sources */,
				3AE0CD092ADD9676001FE371 /* HexStringTests.swift in Sources */,
			);
			runOnlyForDeploymentPostprocessing = 0;
		};
		3AE0CCD22ADD0CE4001FE371 /* Sources */ = {
			isa = PBXSourcesBuildPhase;
			buildActionMask = 2147483647;
			files = (
			);
			runOnlyForDeploymentPostprocessing = 0;
		};
/* End PBXSourcesBuildPhase section */

/* Begin PBXTargetDependency section */
		3AE0CCCE2ADD0CE4001FE371 /* PBXTargetDependency */ = {
			isa = PBXTargetDependency;
			target = 3AE0CCBB2ADD0CE1001FE371 /* QED */;
			targetProxy = 3AE0CCCD2ADD0CE4001FE371 /* PBXContainerItemProxy */;
		};
		3AE0CCD82ADD0CE4001FE371 /* PBXTargetDependency */ = {
			isa = PBXTargetDependency;
			target = 3AE0CCBB2ADD0CE1001FE371 /* QED */;
			targetProxy = 3AE0CCD72ADD0CE4001FE371 /* PBXContainerItemProxy */;
		};
/* End PBXTargetDependency section */

/* Begin XCBuildConfiguration section */
		3AE0CCDE2ADD0CE4001FE371 /* Debug */ = {
			isa = XCBuildConfiguration;
			buildSettings = {
				ALWAYS_SEARCH_USER_PATHS = NO;
				CLANG_ANALYZER_NONNULL = YES;
				CLANG_ANALYZER_NUMBER_OBJECT_CONVERSION = YES_AGGRESSIVE;
				CLANG_CXX_LANGUAGE_STANDARD = "gnu++20";
				CLANG_ENABLE_MODULES = YES;
				CLANG_ENABLE_OBJC_ARC = YES;
				CLANG_ENABLE_OBJC_WEAK = YES;
				CLANG_WARN_BLOCK_CAPTURE_AUTORELEASING = YES;
				CLANG_WARN_BOOL_CONVERSION = YES;
				CLANG_WARN_COMMA = YES;
				CLANG_WARN_CONSTANT_CONVERSION = YES;
				CLANG_WARN_DEPRECATED_OBJC_IMPLEMENTATIONS = YES;
				CLANG_WARN_DIRECT_OBJC_ISA_USAGE = YES_ERROR;
				CLANG_WARN_DOCUMENTATION_COMMENTS = YES;
				CLANG_WARN_EMPTY_BODY = YES;
				CLANG_WARN_ENUM_CONVERSION = YES;
				CLANG_WARN_INFINITE_RECURSION = YES;
				CLANG_WARN_INT_CONVERSION = YES;
				CLANG_WARN_NON_LITERAL_NULL_CONVERSION = YES;
				CLANG_WARN_OBJC_IMPLICIT_RETAIN_SELF = YES;
				CLANG_WARN_OBJC_LITERAL_CONVERSION = YES;
				CLANG_WARN_OBJC_ROOT_CLASS = YES_ERROR;
				CLANG_WARN_QUOTED_INCLUDE_IN_FRAMEWORK_HEADER = YES;
				CLANG_WARN_RANGE_LOOP_ANALYSIS = YES;
				CLANG_WARN_STRICT_PROTOTYPES = YES;
				CLANG_WARN_SUSPICIOUS_MOVE = YES;
				CLANG_WARN_UNGUARDED_AVAILABILITY = YES_AGGRESSIVE;
				CLANG_WARN_UNREACHABLE_CODE = YES;
				CLANG_WARN__DUPLICATE_METHOD_MATCH = YES;
				COPY_PHASE_STRIP = NO;
				DEBUG_INFORMATION_FORMAT = dwarf;
				ENABLE_STRICT_OBJC_MSGSEND = YES;
				ENABLE_TESTABILITY = YES;
				GCC_C_LANGUAGE_STANDARD = gnu11;
				GCC_DYNAMIC_NO_PIC = NO;
				GCC_NO_COMMON_BLOCKS = YES;
				GCC_OPTIMIZATION_LEVEL = 0;
				GCC_PREPROCESSOR_DEFINITIONS = (
					"DEBUG=1",
					"$(inherited)",
				);
				GCC_WARN_64_TO_32_BIT_CONVERSION = YES;
				GCC_WARN_ABOUT_RETURN_TYPE = YES_ERROR;
				GCC_WARN_UNDECLARED_SELECTOR = YES;
				GCC_WARN_UNINITIALIZED_AUTOS = YES_AGGRESSIVE;
				GCC_WARN_UNUSED_FUNCTION = YES;
				GCC_WARN_UNUSED_VARIABLE = YES;
				IPHONEOS_DEPLOYMENT_TARGET = 16.4;
				MTL_ENABLE_DEBUG_INFO = INCLUDE_SOURCE;
				MTL_FAST_MATH = YES;
				ONLY_ACTIVE_ARCH = YES;
				SDKROOT = iphoneos;
				SWIFT_ACTIVE_COMPILATION_CONDITIONS = DEBUG;
				SWIFT_OPTIMIZATION_LEVEL = "-Onone";
			};
			name = Debug;
		};
		3AE0CCDF2ADD0CE4001FE371 /* Release */ = {
			isa = XCBuildConfiguration;
			buildSettings = {
				ALWAYS_SEARCH_USER_PATHS = NO;
				CLANG_ANALYZER_NONNULL = YES;
				CLANG_ANALYZER_NUMBER_OBJECT_CONVERSION = YES_AGGRESSIVE;
				CLANG_CXX_LANGUAGE_STANDARD = "gnu++20";
				CLANG_ENABLE_MODULES = YES;
				CLANG_ENABLE_OBJC_ARC = YES;
				CLANG_ENABLE_OBJC_WEAK = YES;
				CLANG_WARN_BLOCK_CAPTURE_AUTORELEASING = YES;
				CLANG_WARN_BOOL_CONVERSION = YES;
				CLANG_WARN_COMMA = YES;
				CLANG_WARN_CONSTANT_CONVERSION = YES;
				CLANG_WARN_DEPRECATED_OBJC_IMPLEMENTATIONS = YES;
				CLANG_WARN_DIRECT_OBJC_ISA_USAGE = YES_ERROR;
				CLANG_WARN_DOCUMENTATION_COMMENTS = YES;
				CLANG_WARN_EMPTY_BODY = YES;
				CLANG_WARN_ENUM_CONVERSION = YES;
				CLANG_WARN_INFINITE_RECURSION = YES;
				CLANG_WARN_INT_CONVERSION = YES;
				CLANG_WARN_NON_LITERAL_NULL_CONVERSION = YES;
				CLANG_WARN_OBJC_IMPLICIT_RETAIN_SELF = YES;
				CLANG_WARN_OBJC_LITERAL_CONVERSION = YES;
				CLANG_WARN_OBJC_ROOT_CLASS = YES_ERROR;
				CLANG_WARN_QUOTED_INCLUDE_IN_FRAMEWORK_HEADER = YES;
				CLANG_WARN_RANGE_LOOP_ANALYSIS = YES;
				CLANG_WARN_STRICT_PROTOTYPES = YES;
				CLANG_WARN_SUSPICIOUS_MOVE = YES;
				CLANG_WARN_UNGUARDED_AVAILABILITY = YES_AGGRESSIVE;
				CLANG_WARN_UNREACHABLE_CODE = YES;
				CLANG_WARN__DUPLICATE_METHOD_MATCH = YES;
				COPY_PHASE_STRIP = NO;
				DEBUG_INFORMATION_FORMAT = "dwarf-with-dsym";
				ENABLE_NS_ASSERTIONS = NO;
				ENABLE_STRICT_OBJC_MSGSEND = YES;
				GCC_C_LANGUAGE_STANDARD = gnu11;
				GCC_NO_COMMON_BLOCKS = YES;
				GCC_WARN_64_TO_32_BIT_CONVERSION = YES;
				GCC_WARN_ABOUT_RETURN_TYPE = YES_ERROR;
				GCC_WARN_UNDECLARED_SELECTOR = YES;
				GCC_WARN_UNINITIALIZED_AUTOS = YES_AGGRESSIVE;
				GCC_WARN_UNUSED_FUNCTION = YES;
				GCC_WARN_UNUSED_VARIABLE = YES;
				IPHONEOS_DEPLOYMENT_TARGET = 16.4;
				MTL_ENABLE_DEBUG_INFO = NO;
				MTL_FAST_MATH = YES;
				SDKROOT = iphoneos;
				SWIFT_COMPILATION_MODE = wholemodule;
				SWIFT_OPTIMIZATION_LEVEL = "-O";
				VALIDATE_PRODUCT = YES;
			};
			name = Release;
		};
		3AE0CCE12ADD0CE4001FE371 /* Debug */ = {
			isa = XCBuildConfiguration;
			buildSettings = {
				ASSETCATALOG_COMPILER_APPICON_NAME = AppIcon;
				ASSETCATALOG_COMPILER_GLOBAL_ACCENT_COLOR_NAME = AccentColor;
				CODE_SIGN_STYLE = Automatic;
				CURRENT_PROJECT_VERSION = 1;
				DEVELOPMENT_ASSET_PATHS = "\"QED/Preview Content\"";
				DEVELOPMENT_TEAM = 3BWEDXDT2H;
				ENABLE_PREVIEWS = YES;
				GENERATE_INFOPLIST_FILE = YES;
				INFOPLIST_KEY_UIApplicationSceneManifest_Generation = YES;
				INFOPLIST_KEY_UIApplicationSupportsIndirectInputEvents = YES;
				INFOPLIST_KEY_UILaunchScreen_Generation = YES;
				INFOPLIST_KEY_UISupportedInterfaceOrientations_iPad = "UIInterfaceOrientationPortrait UIInterfaceOrientationPortraitUpsideDown UIInterfaceOrientationLandscapeLeft UIInterfaceOrientationLandscapeRight";
				INFOPLIST_KEY_UISupportedInterfaceOrientations_iPhone = "UIInterfaceOrientationPortrait UIInterfaceOrientationLandscapeLeft UIInterfaceOrientationLandscapeRight";
				LD_RUNPATH_SEARCH_PATHS = (
					"$(inherited)",
					"@executable_path/Frameworks",
				);
				MARKETING_VERSION = 1.0;
				PRODUCT_BUNDLE_IDENTIFIER = qed.QED;
				PRODUCT_NAME = "$(TARGET_NAME)";
				SWIFT_EMIT_LOC_STRINGS = YES;
				SWIFT_VERSION = 5.0;
				TARGETED_DEVICE_FAMILY = "1,2";
			};
			name = Debug;
		};
		3AE0CCE22ADD0CE4001FE371 /* Release */ = {
			isa = XCBuildConfiguration;
			buildSettings = {
				ASSETCATALOG_COMPILER_APPICON_NAME = AppIcon;
				ASSETCATALOG_COMPILER_GLOBAL_ACCENT_COLOR_NAME = AccentColor;
				CODE_SIGN_STYLE = Automatic;
				CURRENT_PROJECT_VERSION = 1;
				DEVELOPMENT_ASSET_PATHS = "\"QED/Preview Content\"";
				DEVELOPMENT_TEAM = 3BWEDXDT2H;
				ENABLE_PREVIEWS = YES;
				GENERATE_INFOPLIST_FILE = YES;
				INFOPLIST_KEY_UIApplicationSceneManifest_Generation = YES;
				INFOPLIST_KEY_UIApplicationSupportsIndirectInputEvents = YES;
				INFOPLIST_KEY_UILaunchScreen_Generation = YES;
				INFOPLIST_KEY_UISupportedInterfaceOrientations_iPad = "UIInterfaceOrientationPortrait UIInterfaceOrientationPortraitUpsideDown UIInterfaceOrientationLandscapeLeft UIInterfaceOrientationLandscapeRight";
				INFOPLIST_KEY_UISupportedInterfaceOrientations_iPhone = "UIInterfaceOrientationPortrait UIInterfaceOrientationLandscapeLeft UIInterfaceOrientationLandscapeRight";
				LD_RUNPATH_SEARCH_PATHS = (
					"$(inherited)",
					"@executable_path/Frameworks",
				);
				MARKETING_VERSION = 1.0;
				PRODUCT_BUNDLE_IDENTIFIER = qed.QED;
				PRODUCT_NAME = "$(TARGET_NAME)";
				SWIFT_EMIT_LOC_STRINGS = YES;
				SWIFT_VERSION = 5.0;
				TARGETED_DEVICE_FAMILY = "1,2";
			};
			name = Release;
		};
		3AE0CCE42ADD0CE4001FE371 /* Debug */ = {
			isa = XCBuildConfiguration;
			buildSettings = {
				ALWAYS_EMBED_SWIFT_STANDARD_LIBRARIES = YES;
				BUNDLE_LOADER = "$(TEST_HOST)";
				CODE_SIGN_STYLE = Automatic;
				CURRENT_PROJECT_VERSION = 1;
				DEVELOPMENT_TEAM = 3BWEDXDT2H;
				GENERATE_INFOPLIST_FILE = YES;
				IPHONEOS_DEPLOYMENT_TARGET = 16.4;
				MARKETING_VERSION = 1.0;
				PRODUCT_BUNDLE_IDENTIFIER = qed.QEDTests;
				PRODUCT_NAME = "$(TARGET_NAME)";
				SWIFT_EMIT_LOC_STRINGS = NO;
				SWIFT_VERSION = 5.0;
				TARGETED_DEVICE_FAMILY = "1,2";
				TEST_HOST = "$(BUILT_PRODUCTS_DIR)/QED.app/$(BUNDLE_EXECUTABLE_FOLDER_PATH)/QED";
			};
			name = Debug;
		};
		3AE0CCE52ADD0CE4001FE371 /* Release */ = {
			isa = XCBuildConfiguration;
			buildSettings = {
				ALWAYS_EMBED_SWIFT_STANDARD_LIBRARIES = YES;
				BUNDLE_LOADER = "$(TEST_HOST)";
				CODE_SIGN_STYLE = Automatic;
				CURRENT_PROJECT_VERSION = 1;
				DEVELOPMENT_TEAM = 3BWEDXDT2H;
				GENERATE_INFOPLIST_FILE = YES;
				IPHONEOS_DEPLOYMENT_TARGET = 16.4;
				MARKETING_VERSION = 1.0;
				PRODUCT_BUNDLE_IDENTIFIER = qed.QEDTests;
				PRODUCT_NAME = "$(TARGET_NAME)";
				SWIFT_EMIT_LOC_STRINGS = NO;
				SWIFT_VERSION = 5.0;
				TARGETED_DEVICE_FAMILY = "1,2";
				TEST_HOST = "$(BUILT_PRODUCTS_DIR)/QED.app/$(BUNDLE_EXECUTABLE_FOLDER_PATH)/QED";
			};
			name = Release;
		};
		3AE0CCE72ADD0CE4001FE371 /* Debug */ = {
			isa = XCBuildConfiguration;
			buildSettings = {
				ALWAYS_EMBED_SWIFT_STANDARD_LIBRARIES = YES;
				CODE_SIGN_STYLE = Automatic;
				CURRENT_PROJECT_VERSION = 1;
				DEVELOPMENT_TEAM = 3BWEDXDT2H;
				GENERATE_INFOPLIST_FILE = YES;
				MARKETING_VERSION = 1.0;
				PRODUCT_BUNDLE_IDENTIFIER = qed.QEDUITests;
				PRODUCT_NAME = "$(TARGET_NAME)";
				SWIFT_EMIT_LOC_STRINGS = NO;
				SWIFT_VERSION = 5.0;
				TARGETED_DEVICE_FAMILY = "1,2";
				TEST_TARGET_NAME = QED;
			};
			name = Debug;
		};
		3AE0CCE82ADD0CE4001FE371 /* Release */ = {
			isa = XCBuildConfiguration;
			buildSettings = {
				ALWAYS_EMBED_SWIFT_STANDARD_LIBRARIES = YES;
				CODE_SIGN_STYLE = Automatic;
				CURRENT_PROJECT_VERSION = 1;
				DEVELOPMENT_TEAM = 3BWEDXDT2H;
				GENERATE_INFOPLIST_FILE = YES;
				MARKETING_VERSION = 1.0;
				PRODUCT_BUNDLE_IDENTIFIER = qed.QEDUITests;
				PRODUCT_NAME = "$(TARGET_NAME)";
				SWIFT_EMIT_LOC_STRINGS = NO;
				SWIFT_VERSION = 5.0;
				TARGETED_DEVICE_FAMILY = "1,2";
				TEST_TARGET_NAME = QED;
			};
			name = Release;
		};
/* End XCBuildConfiguration section */

/* Begin XCConfigurationList section */
		3AE0CCB72ADD0CE1001FE371 /* Build configuration list for PBXProject "QED" */ = {
			isa = XCConfigurationList;
			buildConfigurations = (
				3AE0CCDE2ADD0CE4001FE371 /* Debug */,
				3AE0CCDF2ADD0CE4001FE371 /* Release */,
			);
			defaultConfigurationIsVisible = 0;
			defaultConfigurationName = Release;
		};
		3AE0CCE02ADD0CE4001FE371 /* Build configuration list for PBXNativeTarget "QED" */ = {
			isa = XCConfigurationList;
			buildConfigurations = (
				3AE0CCE12ADD0CE4001FE371 /* Debug */,
				3AE0CCE22ADD0CE4001FE371 /* Release */,
			);
			defaultConfigurationIsVisible = 0;
			defaultConfigurationName = Release;
		};
		3AE0CCE32ADD0CE4001FE371 /* Build configuration list for PBXNativeTarget "QEDTests" */ = {
			isa = XCConfigurationList;
			buildConfigurations = (
				3AE0CCE42ADD0CE4001FE371 /* Debug */,
				3AE0CCE52ADD0CE4001FE371 /* Release */,
			);
			defaultConfigurationIsVisible = 0;
			defaultConfigurationName = Release;
		};
		3AE0CCE62ADD0CE4001FE371 /* Build configuration list for PBXNativeTarget "QEDUITests" */ = {
			isa = XCConfigurationList;
			buildConfigurations = (
				3AE0CCE72ADD0CE4001FE371 /* Debug */,
				3AE0CCE82ADD0CE4001FE371 /* Release */,
			);
			defaultConfigurationIsVisible = 0;
			defaultConfigurationName = Release;
		};
/* End XCConfigurationList section */

/* Begin XCRemoteSwiftPackageReference section */
		D413336C2ADE7F2200BDE1BB /* XCRemoteSwiftPackageReference "firebase-ios-sdk" */ = {
			isa = XCRemoteSwiftPackageReference;
			repositoryURL = "https://github.com/firebase/firebase-ios-sdk";
			requirement = {
				kind = upToNextMajorVersion;
				minimumVersion = 10.16.0;
			};
		};
		D413337C2ADE8CA800BDE1BB /* XCRemoteSwiftPackageReference "GoogleSignIn-iOS" */ = {
			isa = XCRemoteSwiftPackageReference;
			repositoryURL = "https://github.com/google/GoogleSignIn-iOS";
			requirement = {
				kind = upToNextMajorVersion;
				minimumVersion = 7.0.0;
			};
		};
/* End XCRemoteSwiftPackageReference section */

/* Begin XCSwiftPackageProductDependency section */
		D413336D2ADE7F2200BDE1BB /* FirebaseAuth */ = {
			isa = XCSwiftPackageProductDependency;
			package = D413336C2ADE7F2200BDE1BB /* XCRemoteSwiftPackageReference "firebase-ios-sdk" */;
			productName = FirebaseAuth;
		};
		D413337D2ADE8CA800BDE1BB /* GoogleSignIn */ = {
			isa = XCSwiftPackageProductDependency;
			package = D413337C2ADE8CA800BDE1BB /* XCRemoteSwiftPackageReference "GoogleSignIn-iOS" */;
			productName = GoogleSignIn;
		};
		D413337F2ADE8CA800BDE1BB /* GoogleSignInSwift */ = {
			isa = XCSwiftPackageProductDependency;
			package = D413337C2ADE8CA800BDE1BB /* XCRemoteSwiftPackageReference "GoogleSignIn-iOS" */;
			productName = GoogleSignInSwift;
		};
/* End XCSwiftPackageProductDependency section */
	};
	rootObject = 3AE0CCB42ADD0CE1001FE371 /* Project object */;
}
